
Microsoft Visual Studio Solution File, Format Version 12.00
# Visual Studio Version 17
VisualStudioVersion = 17.0.31521.260
MinimumVisualStudioVersion = 10.0.40219.1
Project("{9A19103F-16F7-4668-BE54-9A1E7A4F7556}") = "Minecraft.Protocol", "src\Minecraft.Protocol\Minecraft.Protocol.csproj", "{B1E8FCD5-3E73-4C03-AA1B-91F83AA100CB}"
EndProject
Project("{9A19103F-16F7-4668-BE54-9A1E7A4F7556}") = "Test.Protocol.Test", "test\Test.Protocol.Test\Test.Protocol.Test.csproj", "{F12AEC89-0F0B-4996-9BAB-2DC650B18163}"
EndProject
Project("{9A19103F-16F7-4668-BE54-9A1E7A4F7556}") = "Minecraft.Text", "src\Minecraft.Text\Minecraft.Text.csproj", "{9B7F3204-DB95-468C-B70E-436003C191EE}"
EndProject
Project("{9A19103F-16F7-4668-BE54-9A1E7A4F7556}") = "Test.Text.Test", "test\Test.Text.Test\Test.Text.Test.csproj", "{79928E73-6C39-4ED0-967A-4329ABADF36A}"
EndProject
Project("{9A19103F-16F7-4668-BE54-9A1E7A4F7556}") = "Minecraft.Resources", "src\Minecraft.Resources\Minecraft.Resources.csproj", "{BAAAC36D-119E-40CA-A4DA-90CFAB909D97}"
EndProject
Project("{9A19103F-16F7-4668-BE54-9A1E7A4F7556}") = "Minecraft", "src\Minecraft\Minecraft.csproj", "{A45849D7-A21E-410B-BFF8-F264C11A1EA4}"
EndProject
Project("{9A19103F-16F7-4668-BE54-9A1E7A4F7556}") = "Test.Resources.Test", "test\Test.Resources.Test\Test.Resources.Test.csproj", "{5B0A3470-D987-4C58-873D-8A0E4407B6BC}"
EndProject
Project("{9A19103F-16F7-4668-BE54-9A1E7A4F7556}") = "Test.Protocol.Data.Test", "test\Test.Protocol.Data.Test\Test.Protocol.Data.Test.csproj", "{2D6ABDEF-1B15-4245-B621-174808B05E80}"
EndProject
Project("{9A19103F-16F7-4668-BE54-9A1E7A4F7556}") = "Tool.NetworkDataRedirector", "tool\Tool.NetworkDataRedirector\Tool.NetworkDataRedirector.csproj", "{2C3E30F1-D241-4019-A140-22C91E330497}"
EndProject
Project("{9A19103F-16F7-4668-BE54-9A1E7A4F7556}") = "Minecraft.Resources.Vanilla.WorldOfColorUpdate", "res\Minecraft.Resources.Vanilla.WorldOfColorUpdate\Minecraft.Resources.Vanilla.WorldOfColorUpdate.csproj", "{27155C06-22F0-4BAB-BCF7-D933B88F471A}"
EndProject
Project("{2150E333-8FDC-42A3-9474-1A3956D46DE8}") = "src", "src", "{6C4618D1-67FC-4636-A0B5-4BE90F7E951B}"
EndProject
Project("{2150E333-8FDC-42A3-9474-1A3956D46DE8}") = "test", "test", "{E2D035A3-BCF9-43FD-B8EE-94F39BD9265C}"
EndProject
Project("{2150E333-8FDC-42A3-9474-1A3956D46DE8}") = "tool", "tool", "{901D7D19-4212-424A-BAC0-D8D3C5E8CFEC}"
EndProject
Project("{9A19103F-16F7-4668-BE54-9A1E7A4F7556}") = "Tool.AssetResolver", "tool\Tool.AssetResolver\Tool.AssetResolver.csproj", "{D73A3DD9-759C-4F3C-B4FA-3D4DC53903D6}"
EndProject
Project("{9A19103F-16F7-4668-BE54-9A1E7A4F7556}") = "Minecraft.Data", "src\Minecraft.Data\Minecraft.Data.csproj", "{27D52686-12D1-4CF5-8E50-F1569336ABAD}"
EndProject
Project("{9A19103F-16F7-4668-BE54-9A1E7A4F7556}") = "Minecraft.Data.Vanilla", "src\Minecraft.Data.Vanilla\Minecraft.Data.Vanilla.csproj", "{8950FDF2-FB05-47F5-8A43-618429C5FDC6}"
EndProject
Project("{2150E333-8FDC-42A3-9474-1A3956D46DE8}") = "res", "res", "{57A65D3C-B7FB-4864-94CB-B8FFC194FADA}"
EndProject
Project("{9A19103F-16F7-4668-BE54-9A1E7A4F7556}") = "Tool.ResourceGenerator", "tool\Tool.ResourceGenerator\Tool.ResourceGenerator.csproj", "{CCF503D3-E754-43B8-A895-C1D5D58B21CB}"
EndProject
Project("{9A19103F-16F7-4668-BE54-9A1E7A4F7556}") = "Minecraft.Resources.Vanilla.VillageAndPillage", "res\Minecraft.Resources.Vanilla.VillageAndPillage\Minecraft.Resources.Vanilla.VillageAndPillage.csproj", "{F872D217-56C6-47CB-BD44-A675115E60EF}"
EndProject
Project("{2150E333-8FDC-42A3-9474-1A3956D46DE8}") = "data", "data", "{36016899-34FC-4DA3-836D-49ACDA52EB62}"
EndProject
Project("{2150E333-8FDC-42A3-9474-1A3956D46DE8}") = "network", "network", "{533295F7-70E1-44B5-ABBD-7EED0C839A64}"
EndProject
Project("{2150E333-8FDC-42A3-9474-1A3956D46DE8}") = "files", "files", "{0E2CE6AE-01F6-4964-8A2D-2FEA7DCE6512}"
EndProject
Project("{9A19103F-16F7-4668-BE54-9A1E7A4F7556}") = "Test.Data.Blocks.Test", "test\Test.Data.Blocks.Test\Test.Data.Blocks.Test.csproj", "{4D37A2BE-D784-4925-A7FB-18635A3AACBF}"
EndProject
Project("{9A19103F-16F7-4668-BE54-9A1E7A4F7556}") = "Test.Minecraft.Test", "test\Test.Minecraft.Test\Test.Minecraft.Test.csproj", "{AFAD33DB-710E-4C56-9983-FE9034D9B36A}"
EndProject
Project("{2150E333-8FDC-42A3-9474-1A3956D46DE8}") = "demo", "demo", "{021D30BB-CCC8-48AE-B251-174C217297A7}"
EndProject
Project("{9A19103F-16F7-4668-BE54-9A1E7A4F7556}") = "Demo.MinecraftClientConsole", "demo\Demo.MinecraftClientConsole\Demo.MinecraftClientConsole.csproj", "{BBEA9EA4-222D-454E-951E-7CB42DADA2DB}"
EndProject
Project("{2150E333-8FDC-42A3-9474-1A3956D46DE8}") = "graphics", "graphics", "{EB5CB349-4B0E-442E-B033-0F8DB14481E7}"
EndProject
Project("{9A19103F-16F7-4668-BE54-9A1E7A4F7556}") = "Minecraft.Graphics", "src\Minecraft.Graphics\Minecraft.Graphics.csproj", "{B9EA9A8F-2BBE-4D28-9243-029A05E33A6B}"
EndProject
Project("{9A19103F-16F7-4668-BE54-9A1E7A4F7556}") = "Minecraft.Graphics.Renderers", "src\Minecraft.Graphics.Renderers\Minecraft.Graphics.Renderers.csproj", "{2D87DFAD-678A-4B54-9215-02C416AEBC80}"
EndProject
Project("{9A19103F-16F7-4668-BE54-9A1E7A4F7556}") = "Minecraft.Graphics.Windowing", "src\Minecraft.Graphics.Windowing\Minecraft.Graphics.Windowing.csproj", "{3E447720-0E0A-4FCC-B951-A004A8807BE0}"
EndProject
Project("{9A19103F-16F7-4668-BE54-9A1E7A4F7556}") = "Test.OpenGL.Test2", "test\Test.OpenGL.Test2\Test.OpenGL.Test2.csproj", "{0CE90E4C-586B-4357-8A22-8B39F46B96C5}"
EndProject
Project("{9A19103F-16F7-4668-BE54-9A1E7A4F7556}") = "Test.OpenGL.Test0", "test\Test.OpenGL.Test0\Test.OpenGL.Test0.csproj", "{65552F7C-E580-4805-89E1-FB4135132E7D}"
EndProject
Project("{2150E333-8FDC-42A3-9474-1A3956D46DE8}") = "input", "input", "{6704F9D1-8F6B-4CFF-B90D-DB4EABA9B133}"
EndProject
Project("{9A19103F-16F7-4668-BE54-9A1E7A4F7556}") = "Minecraft.Input", "src\Minecraft.Input\Minecraft.Input.csproj", "{C0D68CD3-A816-4C71-87AF-353B1929892E}"
EndProject
Project("{9A19103F-16F7-4668-BE54-9A1E7A4F7556}") = "Test.OpenGL.Test", "test\Test.OpenGL.Test\Test.OpenGL.Test.csproj", "{70643A8B-84AD-4DF8-A897-A4FE86B7BD36}"
EndProject
Project("{2150E333-8FDC-42A3-9474-1A3956D46DE8}") = "graphics", "graphics", "{9F0DA0EF-A854-48B0-B412-F3CFD99D718D}"
EndProject
Project("{9A19103F-16F7-4668-BE54-9A1E7A4F7556}") = "Test.OpenGL.ChunkRenderTest", "test\Test.OpenGL.ChunkRenderTest\Test.OpenGL.ChunkRenderTest.csproj", "{8DB6218F-2611-497E-83B0-B3DC40B68317}"
EndProject
Project("{9A19103F-16F7-4668-BE54-9A1E7A4F7556}") = "Test.OpenTKInputTest", "test\Test.OpenTKInputTest\Test.OpenTKInputTest.csproj", "{7753CA24-C30B-427D-8DA0-8B69FC6F7D06}"
EndProject
Project("{9A19103F-16F7-4668-BE54-9A1E7A4F7556}") = "Test.MinecraftClientAndOpenGL.Test", "test\Test.MinecraftClientAndOpenGL.Test\Test.MinecraftClientAndOpenGL.Test.csproj", "{51ECD292-994A-43A2-8699-9FA00941D849}"
EndProject
Project("{2150E333-8FDC-42A3-9474-1A3956D46DE8}") = "audio", "audio", "{414003FC-083A-49C4-AC9B-59DD62800DCF}"
EndProject
Project("{9A19103F-16F7-4668-BE54-9A1E7A4F7556}") = "Test.OpenAL.Test", "test\Test.OpenAL.Test\Test.OpenAL.Test.csproj", "{E9B79825-E1C1-4CD7-974F-1D3AF1FF6F9C}"
EndProject
Project("{9A19103F-16F7-4668-BE54-9A1E7A4F7556}") = "Minecraft.Visual", "src\Minecraft.Visual\Minecraft.Visual.csproj", "{8F283C4A-9965-44CA-B6AC-DC79938943D9}"
EndProject
Project("{9A19103F-16F7-4668-BE54-9A1E7A4F7556}") = "Demo.MCGraphicsHelloWorldWindow", "demo\Demo.MCGraphicsHelloWorldWindow\Demo.MCGraphicsHelloWorldWindow.csproj", "{59E0A17D-865B-4AAE-A0AA-ECF2EFEACBEF}"
EndProject
Project("{2150E333-8FDC-42A3-9474-1A3956D46DE8}") = "text", "text", "{9B778E1B-0686-4E8B-BB09-A7F9C1CA57BD}"
EndProject
Project("{9A19103F-16F7-4668-BE54-9A1E7A4F7556}") = "Test.OpenGLText.Test", "test\graphicstext\Test.OpenGLText.Test\Test.OpenGLText.Test.csproj", "{E4B7F1C9-98A2-4399-BB58-C3AD8FF15762}"
EndProject
Project("{FAE04EC0-301F-11D3-BF4B-00C04F79EFBC}") = "Demo.MCGraphicsCloud", "demo\Demo.MCGraphicsCloud\Demo.MCGraphicsCloud.csproj", "{83A682F3-1504-4056-A482-D87F47637DEE}"
EndProject
Global
	GlobalSection(SolutionConfigurationPlatforms) = preSolution
		Debug|Any CPU = Debug|Any CPU
		Debug|ARM = Debug|ARM
		Debug|iPhone = Debug|iPhone
		Debug|iPhoneSimulator = Debug|iPhoneSimulator
		Debug|x64 = Debug|x64
		Debug|x86 = Debug|x86
		Release|Any CPU = Release|Any CPU
		Release|ARM = Release|ARM
		Release|iPhone = Release|iPhone
		Release|iPhoneSimulator = Release|iPhoneSimulator
		Release|x64 = Release|x64
		Release|x86 = Release|x86
	EndGlobalSection
	GlobalSection(ProjectConfigurationPlatforms) = postSolution
		{B1E8FCD5-3E73-4C03-AA1B-91F83AA100CB}.Debug|Any CPU.ActiveCfg = Debug|Any CPU
		{B1E8FCD5-3E73-4C03-AA1B-91F83AA100CB}.Debug|Any CPU.Build.0 = Debug|Any CPU
		{B1E8FCD5-3E73-4C03-AA1B-91F83AA100CB}.Debug|ARM.ActiveCfg = Debug|Any CPU
		{B1E8FCD5-3E73-4C03-AA1B-91F83AA100CB}.Debug|iPhone.ActiveCfg = Debug|Any CPU
		{B1E8FCD5-3E73-4C03-AA1B-91F83AA100CB}.Debug|iPhoneSimulator.ActiveCfg = Debug|Any CPU
		{B1E8FCD5-3E73-4C03-AA1B-91F83AA100CB}.Debug|x64.ActiveCfg = Debug|Any CPU
		{B1E8FCD5-3E73-4C03-AA1B-91F83AA100CB}.Debug|x86.ActiveCfg = Debug|Any CPU
		{B1E8FCD5-3E73-4C03-AA1B-91F83AA100CB}.Release|Any CPU.ActiveCfg = Release|Any CPU
		{B1E8FCD5-3E73-4C03-AA1B-91F83AA100CB}.Release|Any CPU.Build.0 = Release|Any CPU
		{B1E8FCD5-3E73-4C03-AA1B-91F83AA100CB}.Release|ARM.ActiveCfg = Release|Any CPU
		{B1E8FCD5-3E73-4C03-AA1B-91F83AA100CB}.Release|iPhone.ActiveCfg = Release|Any CPU
		{B1E8FCD5-3E73-4C03-AA1B-91F83AA100CB}.Release|iPhoneSimulator.ActiveCfg = Release|Any CPU
		{B1E8FCD5-3E73-4C03-AA1B-91F83AA100CB}.Release|x64.ActiveCfg = Release|Any CPU
		{B1E8FCD5-3E73-4C03-AA1B-91F83AA100CB}.Release|x86.ActiveCfg = Release|Any CPU
		{F12AEC89-0F0B-4996-9BAB-2DC650B18163}.Debug|Any CPU.ActiveCfg = Debug|Any CPU
		{F12AEC89-0F0B-4996-9BAB-2DC650B18163}.Debug|Any CPU.Build.0 = Debug|Any CPU
		{F12AEC89-0F0B-4996-9BAB-2DC650B18163}.Debug|ARM.ActiveCfg = Debug|Any CPU
		{F12AEC89-0F0B-4996-9BAB-2DC650B18163}.Debug|iPhone.ActiveCfg = Debug|Any CPU
		{F12AEC89-0F0B-4996-9BAB-2DC650B18163}.Debug|iPhoneSimulator.ActiveCfg = Debug|Any CPU
		{F12AEC89-0F0B-4996-9BAB-2DC650B18163}.Debug|x64.ActiveCfg = Debug|Any CPU
		{F12AEC89-0F0B-4996-9BAB-2DC650B18163}.Debug|x86.ActiveCfg = Debug|Any CPU
		{F12AEC89-0F0B-4996-9BAB-2DC650B18163}.Release|Any CPU.ActiveCfg = Release|Any CPU
		{F12AEC89-0F0B-4996-9BAB-2DC650B18163}.Release|Any CPU.Build.0 = Release|Any CPU
		{F12AEC89-0F0B-4996-9BAB-2DC650B18163}.Release|ARM.ActiveCfg = Release|Any CPU
		{F12AEC89-0F0B-4996-9BAB-2DC650B18163}.Release|iPhone.ActiveCfg = Release|Any CPU
		{F12AEC89-0F0B-4996-9BAB-2DC650B18163}.Release|iPhoneSimulator.ActiveCfg = Release|Any CPU
		{F12AEC89-0F0B-4996-9BAB-2DC650B18163}.Release|x64.ActiveCfg = Release|Any CPU
		{F12AEC89-0F0B-4996-9BAB-2DC650B18163}.Release|x86.ActiveCfg = Release|Any CPU
		{9B7F3204-DB95-468C-B70E-436003C191EE}.Debug|Any CPU.ActiveCfg = Debug|Any CPU
		{9B7F3204-DB95-468C-B70E-436003C191EE}.Debug|Any CPU.Build.0 = Debug|Any CPU
		{9B7F3204-DB95-468C-B70E-436003C191EE}.Debug|ARM.ActiveCfg = Debug|Any CPU
		{9B7F3204-DB95-468C-B70E-436003C191EE}.Debug|iPhone.ActiveCfg = Debug|Any CPU
		{9B7F3204-DB95-468C-B70E-436003C191EE}.Debug|iPhoneSimulator.ActiveCfg = Debug|Any CPU
		{9B7F3204-DB95-468C-B70E-436003C191EE}.Debug|x64.ActiveCfg = Debug|Any CPU
		{9B7F3204-DB95-468C-B70E-436003C191EE}.Debug|x86.ActiveCfg = Debug|Any CPU
		{9B7F3204-DB95-468C-B70E-436003C191EE}.Release|Any CPU.ActiveCfg = Release|Any CPU
		{9B7F3204-DB95-468C-B70E-436003C191EE}.Release|Any CPU.Build.0 = Release|Any CPU
		{9B7F3204-DB95-468C-B70E-436003C191EE}.Release|ARM.ActiveCfg = Release|Any CPU
		{9B7F3204-DB95-468C-B70E-436003C191EE}.Release|iPhone.ActiveCfg = Release|Any CPU
		{9B7F3204-DB95-468C-B70E-436003C191EE}.Release|iPhoneSimulator.ActiveCfg = Release|Any CPU
		{9B7F3204-DB95-468C-B70E-436003C191EE}.Release|x64.ActiveCfg = Release|Any CPU
		{9B7F3204-DB95-468C-B70E-436003C191EE}.Release|x86.ActiveCfg = Release|Any CPU
		{79928E73-6C39-4ED0-967A-4329ABADF36A}.Debug|Any CPU.ActiveCfg = Debug|Any CPU
		{79928E73-6C39-4ED0-967A-4329ABADF36A}.Debug|Any CPU.Build.0 = Debug|Any CPU
		{79928E73-6C39-4ED0-967A-4329ABADF36A}.Debug|ARM.ActiveCfg = Debug|Any CPU
		{79928E73-6C39-4ED0-967A-4329ABADF36A}.Debug|iPhone.ActiveCfg = Debug|Any CPU
		{79928E73-6C39-4ED0-967A-4329ABADF36A}.Debug|iPhoneSimulator.ActiveCfg = Debug|Any CPU
		{79928E73-6C39-4ED0-967A-4329ABADF36A}.Debug|x64.ActiveCfg = Debug|Any CPU
		{79928E73-6C39-4ED0-967A-4329ABADF36A}.Debug|x86.ActiveCfg = Debug|Any CPU
		{79928E73-6C39-4ED0-967A-4329ABADF36A}.Release|Any CPU.ActiveCfg = Release|Any CPU
		{79928E73-6C39-4ED0-967A-4329ABADF36A}.Release|Any CPU.Build.0 = Release|Any CPU
		{79928E73-6C39-4ED0-967A-4329ABADF36A}.Release|ARM.ActiveCfg = Release|Any CPU
		{79928E73-6C39-4ED0-967A-4329ABADF36A}.Release|iPhone.ActiveCfg = Release|Any CPU
		{79928E73-6C39-4ED0-967A-4329ABADF36A}.Release|iPhoneSimulator.ActiveCfg = Release|Any CPU
		{79928E73-6C39-4ED0-967A-4329ABADF36A}.Release|x64.ActiveCfg = Release|Any CPU
		{79928E73-6C39-4ED0-967A-4329ABADF36A}.Release|x86.ActiveCfg = Release|Any CPU
		{BAAAC36D-119E-40CA-A4DA-90CFAB909D97}.Debug|Any CPU.ActiveCfg = Debug|Any CPU
		{BAAAC36D-119E-40CA-A4DA-90CFAB909D97}.Debug|Any CPU.Build.0 = Debug|Any CPU
		{BAAAC36D-119E-40CA-A4DA-90CFAB909D97}.Debug|ARM.ActiveCfg = Debug|Any CPU
		{BAAAC36D-119E-40CA-A4DA-90CFAB909D97}.Debug|iPhone.ActiveCfg = Debug|Any CPU
		{BAAAC36D-119E-40CA-A4DA-90CFAB909D97}.Debug|iPhoneSimulator.ActiveCfg = Debug|Any CPU
		{BAAAC36D-119E-40CA-A4DA-90CFAB909D97}.Debug|x64.ActiveCfg = Debug|Any CPU
		{BAAAC36D-119E-40CA-A4DA-90CFAB909D97}.Debug|x86.ActiveCfg = Debug|Any CPU
		{BAAAC36D-119E-40CA-A4DA-90CFAB909D97}.Release|Any CPU.ActiveCfg = Release|Any CPU
		{BAAAC36D-119E-40CA-A4DA-90CFAB909D97}.Release|Any CPU.Build.0 = Release|Any CPU
		{BAAAC36D-119E-40CA-A4DA-90CFAB909D97}.Release|ARM.ActiveCfg = Release|Any CPU
		{BAAAC36D-119E-40CA-A4DA-90CFAB909D97}.Release|iPhone.ActiveCfg = Release|Any CPU
		{BAAAC36D-119E-40CA-A4DA-90CFAB909D97}.Release|iPhoneSimulator.ActiveCfg = Release|Any CPU
		{BAAAC36D-119E-40CA-A4DA-90CFAB909D97}.Release|x64.ActiveCfg = Release|Any CPU
		{BAAAC36D-119E-40CA-A4DA-90CFAB909D97}.Release|x86.ActiveCfg = Release|Any CPU
		{A45849D7-A21E-410B-BFF8-F264C11A1EA4}.Debug|Any CPU.ActiveCfg = Debug|Any CPU
		{A45849D7-A21E-410B-BFF8-F264C11A1EA4}.Debug|Any CPU.Build.0 = Debug|Any CPU
		{A45849D7-A21E-410B-BFF8-F264C11A1EA4}.Debug|ARM.ActiveCfg = Debug|Any CPU
		{A45849D7-A21E-410B-BFF8-F264C11A1EA4}.Debug|ARM.Build.0 = Debug|Any CPU
		{A45849D7-A21E-410B-BFF8-F264C11A1EA4}.Debug|iPhone.ActiveCfg = Debug|Any CPU
		{A45849D7-A21E-410B-BFF8-F264C11A1EA4}.Debug|iPhone.Build.0 = Debug|Any CPU
		{A45849D7-A21E-410B-BFF8-F264C11A1EA4}.Debug|iPhoneSimulator.ActiveCfg = Debug|Any CPU
		{A45849D7-A21E-410B-BFF8-F264C11A1EA4}.Debug|iPhoneSimulator.Build.0 = Debug|Any CPU
		{A45849D7-A21E-410B-BFF8-F264C11A1EA4}.Debug|x64.ActiveCfg = Debug|Any CPU
		{A45849D7-A21E-410B-BFF8-F264C11A1EA4}.Debug|x64.Build.0 = Debug|Any CPU
		{A45849D7-A21E-410B-BFF8-F264C11A1EA4}.Debug|x86.ActiveCfg = Debug|Any CPU
		{A45849D7-A21E-410B-BFF8-F264C11A1EA4}.Debug|x86.Build.0 = Debug|Any CPU
		{A45849D7-A21E-410B-BFF8-F264C11A1EA4}.Release|Any CPU.ActiveCfg = Release|Any CPU
		{A45849D7-A21E-410B-BFF8-F264C11A1EA4}.Release|Any CPU.Build.0 = Release|Any CPU
		{A45849D7-A21E-410B-BFF8-F264C11A1EA4}.Release|ARM.ActiveCfg = Release|Any CPU
		{A45849D7-A21E-410B-BFF8-F264C11A1EA4}.Release|ARM.Build.0 = Release|Any CPU
		{A45849D7-A21E-410B-BFF8-F264C11A1EA4}.Release|iPhone.ActiveCfg = Release|Any CPU
		{A45849D7-A21E-410B-BFF8-F264C11A1EA4}.Release|iPhone.Build.0 = Release|Any CPU
		{A45849D7-A21E-410B-BFF8-F264C11A1EA4}.Release|iPhoneSimulator.ActiveCfg = Release|Any CPU
		{A45849D7-A21E-410B-BFF8-F264C11A1EA4}.Release|iPhoneSimulator.Build.0 = Release|Any CPU
		{A45849D7-A21E-410B-BFF8-F264C11A1EA4}.Release|x64.ActiveCfg = Release|Any CPU
		{A45849D7-A21E-410B-BFF8-F264C11A1EA4}.Release|x64.Build.0 = Release|Any CPU
		{A45849D7-A21E-410B-BFF8-F264C11A1EA4}.Release|x86.ActiveCfg = Release|Any CPU
		{A45849D7-A21E-410B-BFF8-F264C11A1EA4}.Release|x86.Build.0 = Release|Any CPU
		{5B0A3470-D987-4C58-873D-8A0E4407B6BC}.Debug|Any CPU.ActiveCfg = Debug|Any CPU
		{5B0A3470-D987-4C58-873D-8A0E4407B6BC}.Debug|Any CPU.Build.0 = Debug|Any CPU
		{5B0A3470-D987-4C58-873D-8A0E4407B6BC}.Debug|ARM.ActiveCfg = Debug|Any CPU
		{5B0A3470-D987-4C58-873D-8A0E4407B6BC}.Debug|iPhone.ActiveCfg = Debug|Any CPU
		{5B0A3470-D987-4C58-873D-8A0E4407B6BC}.Debug|iPhoneSimulator.ActiveCfg = Debug|Any CPU
		{5B0A3470-D987-4C58-873D-8A0E4407B6BC}.Debug|x64.ActiveCfg = Debug|Any CPU
		{5B0A3470-D987-4C58-873D-8A0E4407B6BC}.Debug|x86.ActiveCfg = Debug|Any CPU
		{5B0A3470-D987-4C58-873D-8A0E4407B6BC}.Release|Any CPU.ActiveCfg = Release|Any CPU
		{5B0A3470-D987-4C58-873D-8A0E4407B6BC}.Release|Any CPU.Build.0 = Release|Any CPU
		{5B0A3470-D987-4C58-873D-8A0E4407B6BC}.Release|ARM.ActiveCfg = Release|Any CPU
		{5B0A3470-D987-4C58-873D-8A0E4407B6BC}.Release|iPhone.ActiveCfg = Release|Any CPU
		{5B0A3470-D987-4C58-873D-8A0E4407B6BC}.Release|iPhoneSimulator.ActiveCfg = Release|Any CPU
		{5B0A3470-D987-4C58-873D-8A0E4407B6BC}.Release|x64.ActiveCfg = Release|Any CPU
		{5B0A3470-D987-4C58-873D-8A0E4407B6BC}.Release|x86.ActiveCfg = Release|Any CPU
		{2D6ABDEF-1B15-4245-B621-174808B05E80}.Debug|Any CPU.ActiveCfg = Debug|Any CPU
		{2D6ABDEF-1B15-4245-B621-174808B05E80}.Debug|Any CPU.Build.0 = Debug|Any CPU
		{2D6ABDEF-1B15-4245-B621-174808B05E80}.Debug|ARM.ActiveCfg = Debug|Any CPU
		{2D6ABDEF-1B15-4245-B621-174808B05E80}.Debug|iPhone.ActiveCfg = Debug|Any CPU
		{2D6ABDEF-1B15-4245-B621-174808B05E80}.Debug|iPhoneSimulator.ActiveCfg = Debug|Any CPU
		{2D6ABDEF-1B15-4245-B621-174808B05E80}.Debug|x64.ActiveCfg = Debug|Any CPU
		{2D6ABDEF-1B15-4245-B621-174808B05E80}.Debug|x86.ActiveCfg = Debug|Any CPU
		{2D6ABDEF-1B15-4245-B621-174808B05E80}.Release|Any CPU.ActiveCfg = Release|Any CPU
		{2D6ABDEF-1B15-4245-B621-174808B05E80}.Release|Any CPU.Build.0 = Release|Any CPU
		{2D6ABDEF-1B15-4245-B621-174808B05E80}.Release|ARM.ActiveCfg = Release|Any CPU
		{2D6ABDEF-1B15-4245-B621-174808B05E80}.Release|iPhone.ActiveCfg = Release|Any CPU
		{2D6ABDEF-1B15-4245-B621-174808B05E80}.Release|iPhoneSimulator.ActiveCfg = Release|Any CPU
		{2D6ABDEF-1B15-4245-B621-174808B05E80}.Release|x64.ActiveCfg = Release|Any CPU
		{2D6ABDEF-1B15-4245-B621-174808B05E80}.Release|x86.ActiveCfg = Release|Any CPU
		{2C3E30F1-D241-4019-A140-22C91E330497}.Debug|Any CPU.ActiveCfg = Debug|Any CPU
		{2C3E30F1-D241-4019-A140-22C91E330497}.Debug|Any CPU.Build.0 = Debug|Any CPU
		{2C3E30F1-D241-4019-A140-22C91E330497}.Debug|ARM.ActiveCfg = Debug|Any CPU
		{2C3E30F1-D241-4019-A140-22C91E330497}.Debug|iPhone.ActiveCfg = Debug|Any CPU
		{2C3E30F1-D241-4019-A140-22C91E330497}.Debug|iPhoneSimulator.ActiveCfg = Debug|Any CPU
		{2C3E30F1-D241-4019-A140-22C91E330497}.Debug|x64.ActiveCfg = Debug|Any CPU
		{2C3E30F1-D241-4019-A140-22C91E330497}.Debug|x86.ActiveCfg = Debug|Any CPU
		{2C3E30F1-D241-4019-A140-22C91E330497}.Release|Any CPU.ActiveCfg = Release|Any CPU
		{2C3E30F1-D241-4019-A140-22C91E330497}.Release|Any CPU.Build.0 = Release|Any CPU
		{2C3E30F1-D241-4019-A140-22C91E330497}.Release|ARM.ActiveCfg = Release|Any CPU
		{2C3E30F1-D241-4019-A140-22C91E330497}.Release|iPhone.ActiveCfg = Release|Any CPU
		{2C3E30F1-D241-4019-A140-22C91E330497}.Release|iPhoneSimulator.ActiveCfg = Release|Any CPU
		{2C3E30F1-D241-4019-A140-22C91E330497}.Release|x64.ActiveCfg = Release|Any CPU
		{2C3E30F1-D241-4019-A140-22C91E330497}.Release|x86.ActiveCfg = Release|Any CPU
		{27155C06-22F0-4BAB-BCF7-D933B88F471A}.Debug|Any CPU.ActiveCfg = Debug|Any CPU
		{27155C06-22F0-4BAB-BCF7-D933B88F471A}.Debug|Any CPU.Build.0 = Debug|Any CPU
		{27155C06-22F0-4BAB-BCF7-D933B88F471A}.Debug|ARM.ActiveCfg = Debug|Any CPU
		{27155C06-22F0-4BAB-BCF7-D933B88F471A}.Debug|iPhone.ActiveCfg = Debug|Any CPU
		{27155C06-22F0-4BAB-BCF7-D933B88F471A}.Debug|iPhoneSimulator.ActiveCfg = Debug|Any CPU
		{27155C06-22F0-4BAB-BCF7-D933B88F471A}.Debug|x64.ActiveCfg = Debug|Any CPU
		{27155C06-22F0-4BAB-BCF7-D933B88F471A}.Debug|x86.ActiveCfg = Debug|Any CPU
		{27155C06-22F0-4BAB-BCF7-D933B88F471A}.Release|Any CPU.ActiveCfg = Release|Any CPU
		{27155C06-22F0-4BAB-BCF7-D933B88F471A}.Release|Any CPU.Build.0 = Release|Any CPU
		{27155C06-22F0-4BAB-BCF7-D933B88F471A}.Release|ARM.ActiveCfg = Release|Any CPU
		{27155C06-22F0-4BAB-BCF7-D933B88F471A}.Release|iPhone.ActiveCfg = Release|Any CPU
		{27155C06-22F0-4BAB-BCF7-D933B88F471A}.Release|iPhoneSimulator.ActiveCfg = Release|Any CPU
		{27155C06-22F0-4BAB-BCF7-D933B88F471A}.Release|x64.ActiveCfg = Release|Any CPU
		{27155C06-22F0-4BAB-BCF7-D933B88F471A}.Release|x86.ActiveCfg = Release|Any CPU
		{D73A3DD9-759C-4F3C-B4FA-3D4DC53903D6}.Debug|Any CPU.ActiveCfg = Debug|Any CPU
		{D73A3DD9-759C-4F3C-B4FA-3D4DC53903D6}.Debug|Any CPU.Build.0 = Debug|Any CPU
		{D73A3DD9-759C-4F3C-B4FA-3D4DC53903D6}.Debug|ARM.ActiveCfg = Debug|Any CPU
		{D73A3DD9-759C-4F3C-B4FA-3D4DC53903D6}.Debug|iPhone.ActiveCfg = Debug|Any CPU
		{D73A3DD9-759C-4F3C-B4FA-3D4DC53903D6}.Debug|iPhoneSimulator.ActiveCfg = Debug|Any CPU
		{D73A3DD9-759C-4F3C-B4FA-3D4DC53903D6}.Debug|x64.ActiveCfg = Debug|Any CPU
		{D73A3DD9-759C-4F3C-B4FA-3D4DC53903D6}.Debug|x86.ActiveCfg = Debug|Any CPU
		{D73A3DD9-759C-4F3C-B4FA-3D4DC53903D6}.Release|Any CPU.ActiveCfg = Release|Any CPU
		{D73A3DD9-759C-4F3C-B4FA-3D4DC53903D6}.Release|Any CPU.Build.0 = Release|Any CPU
		{D73A3DD9-759C-4F3C-B4FA-3D4DC53903D6}.Release|ARM.ActiveCfg = Release|Any CPU
		{D73A3DD9-759C-4F3C-B4FA-3D4DC53903D6}.Release|iPhone.ActiveCfg = Release|Any CPU
		{D73A3DD9-759C-4F3C-B4FA-3D4DC53903D6}.Release|iPhoneSimulator.ActiveCfg = Release|Any CPU
		{D73A3DD9-759C-4F3C-B4FA-3D4DC53903D6}.Release|x64.ActiveCfg = Release|Any CPU
		{D73A3DD9-759C-4F3C-B4FA-3D4DC53903D6}.Release|x86.ActiveCfg = Release|Any CPU
		{27D52686-12D1-4CF5-8E50-F1569336ABAD}.Debug|Any CPU.ActiveCfg = Debug|Any CPU
		{27D52686-12D1-4CF5-8E50-F1569336ABAD}.Debug|Any CPU.Build.0 = Debug|Any CPU
		{27D52686-12D1-4CF5-8E50-F1569336ABAD}.Debug|ARM.ActiveCfg = Debug|Any CPU
		{27D52686-12D1-4CF5-8E50-F1569336ABAD}.Debug|iPhone.ActiveCfg = Debug|Any CPU
		{27D52686-12D1-4CF5-8E50-F1569336ABAD}.Debug|iPhoneSimulator.ActiveCfg = Debug|Any CPU
		{27D52686-12D1-4CF5-8E50-F1569336ABAD}.Debug|x64.ActiveCfg = Debug|Any CPU
		{27D52686-12D1-4CF5-8E50-F1569336ABAD}.Debug|x86.ActiveCfg = Debug|Any CPU
		{27D52686-12D1-4CF5-8E50-F1569336ABAD}.Release|Any CPU.ActiveCfg = Release|Any CPU
		{27D52686-12D1-4CF5-8E50-F1569336ABAD}.Release|Any CPU.Build.0 = Release|Any CPU
		{27D52686-12D1-4CF5-8E50-F1569336ABAD}.Release|ARM.ActiveCfg = Release|Any CPU
		{27D52686-12D1-4CF5-8E50-F1569336ABAD}.Release|iPhone.ActiveCfg = Release|Any CPU
		{27D52686-12D1-4CF5-8E50-F1569336ABAD}.Release|iPhoneSimulator.ActiveCfg = Release|Any CPU
		{27D52686-12D1-4CF5-8E50-F1569336ABAD}.Release|x64.ActiveCfg = Release|Any CPU
		{27D52686-12D1-4CF5-8E50-F1569336ABAD}.Release|x86.ActiveCfg = Release|Any CPU
		{8950FDF2-FB05-47F5-8A43-618429C5FDC6}.Debug|Any CPU.ActiveCfg = Debug|Any CPU
		{8950FDF2-FB05-47F5-8A43-618429C5FDC6}.Debug|Any CPU.Build.0 = Debug|Any CPU
		{8950FDF2-FB05-47F5-8A43-618429C5FDC6}.Debug|ARM.ActiveCfg = Debug|Any CPU
		{8950FDF2-FB05-47F5-8A43-618429C5FDC6}.Debug|iPhone.ActiveCfg = Debug|Any CPU
		{8950FDF2-FB05-47F5-8A43-618429C5FDC6}.Debug|iPhoneSimulator.ActiveCfg = Debug|Any CPU
		{8950FDF2-FB05-47F5-8A43-618429C5FDC6}.Debug|x64.ActiveCfg = Debug|Any CPU
		{8950FDF2-FB05-47F5-8A43-618429C5FDC6}.Debug|x86.ActiveCfg = Debug|Any CPU
		{8950FDF2-FB05-47F5-8A43-618429C5FDC6}.Release|Any CPU.ActiveCfg = Release|Any CPU
		{8950FDF2-FB05-47F5-8A43-618429C5FDC6}.Release|Any CPU.Build.0 = Release|Any CPU
		{8950FDF2-FB05-47F5-8A43-618429C5FDC6}.Release|ARM.ActiveCfg = Release|Any CPU
		{8950FDF2-FB05-47F5-8A43-618429C5FDC6}.Release|iPhone.ActiveCfg = Release|Any CPU
		{8950FDF2-FB05-47F5-8A43-618429C5FDC6}.Release|iPhoneSimulator.ActiveCfg = Release|Any CPU
		{8950FDF2-FB05-47F5-8A43-618429C5FDC6}.Release|x64.ActiveCfg = Release|Any CPU
		{8950FDF2-FB05-47F5-8A43-618429C5FDC6}.Release|x86.ActiveCfg = Release|Any CPU
		{CCF503D3-E754-43B8-A895-C1D5D58B21CB}.Debug|Any CPU.ActiveCfg = Debug|Any CPU
		{CCF503D3-E754-43B8-A895-C1D5D58B21CB}.Debug|Any CPU.Build.0 = Debug|Any CPU
		{CCF503D3-E754-43B8-A895-C1D5D58B21CB}.Debug|ARM.ActiveCfg = Debug|Any CPU
		{CCF503D3-E754-43B8-A895-C1D5D58B21CB}.Debug|iPhone.ActiveCfg = Debug|Any CPU
		{CCF503D3-E754-43B8-A895-C1D5D58B21CB}.Debug|iPhoneSimulator.ActiveCfg = Debug|Any CPU
		{CCF503D3-E754-43B8-A895-C1D5D58B21CB}.Debug|x64.ActiveCfg = Debug|Any CPU
		{CCF503D3-E754-43B8-A895-C1D5D58B21CB}.Debug|x86.ActiveCfg = Debug|Any CPU
		{CCF503D3-E754-43B8-A895-C1D5D58B21CB}.Release|Any CPU.ActiveCfg = Release|Any CPU
		{CCF503D3-E754-43B8-A895-C1D5D58B21CB}.Release|Any CPU.Build.0 = Release|Any CPU
		{CCF503D3-E754-43B8-A895-C1D5D58B21CB}.Release|ARM.ActiveCfg = Release|Any CPU
		{CCF503D3-E754-43B8-A895-C1D5D58B21CB}.Release|iPhone.ActiveCfg = Release|Any CPU
		{CCF503D3-E754-43B8-A895-C1D5D58B21CB}.Release|iPhoneSimulator.ActiveCfg = Release|Any CPU
		{CCF503D3-E754-43B8-A895-C1D5D58B21CB}.Release|x64.ActiveCfg = Release|Any CPU
		{CCF503D3-E754-43B8-A895-C1D5D58B21CB}.Release|x86.ActiveCfg = Release|Any CPU
		{F872D217-56C6-47CB-BD44-A675115E60EF}.Debug|Any CPU.ActiveCfg = Debug|Any CPU
		{F872D217-56C6-47CB-BD44-A675115E60EF}.Debug|Any CPU.Build.0 = Debug|Any CPU
		{F872D217-56C6-47CB-BD44-A675115E60EF}.Debug|ARM.ActiveCfg = Debug|Any CPU
		{F872D217-56C6-47CB-BD44-A675115E60EF}.Debug|iPhone.ActiveCfg = Debug|Any CPU
		{F872D217-56C6-47CB-BD44-A675115E60EF}.Debug|iPhoneSimulator.ActiveCfg = Debug|Any CPU
		{F872D217-56C6-47CB-BD44-A675115E60EF}.Debug|x64.ActiveCfg = Debug|Any CPU
		{F872D217-56C6-47CB-BD44-A675115E60EF}.Debug|x86.ActiveCfg = Debug|Any CPU
		{F872D217-56C6-47CB-BD44-A675115E60EF}.Release|Any CPU.ActiveCfg = Release|Any CPU
		{F872D217-56C6-47CB-BD44-A675115E60EF}.Release|Any CPU.Build.0 = Release|Any CPU
		{F872D217-56C6-47CB-BD44-A675115E60EF}.Release|ARM.ActiveCfg = Release|Any CPU
		{F872D217-56C6-47CB-BD44-A675115E60EF}.Release|iPhone.ActiveCfg = Release|Any CPU
		{F872D217-56C6-47CB-BD44-A675115E60EF}.Release|iPhoneSimulator.ActiveCfg = Release|Any CPU
		{F872D217-56C6-47CB-BD44-A675115E60EF}.Release|x64.ActiveCfg = Release|Any CPU
		{F872D217-56C6-47CB-BD44-A675115E60EF}.Release|x86.ActiveCfg = Release|Any CPU
		{4D37A2BE-D784-4925-A7FB-18635A3AACBF}.Debug|Any CPU.ActiveCfg = Debug|Any CPU
		{4D37A2BE-D784-4925-A7FB-18635A3AACBF}.Debug|Any CPU.Build.0 = Debug|Any CPU
		{4D37A2BE-D784-4925-A7FB-18635A3AACBF}.Debug|ARM.ActiveCfg = Debug|Any CPU
		{4D37A2BE-D784-4925-A7FB-18635A3AACBF}.Debug|iPhone.ActiveCfg = Debug|Any CPU
		{4D37A2BE-D784-4925-A7FB-18635A3AACBF}.Debug|iPhoneSimulator.ActiveCfg = Debug|Any CPU
		{4D37A2BE-D784-4925-A7FB-18635A3AACBF}.Debug|x64.ActiveCfg = Debug|Any CPU
		{4D37A2BE-D784-4925-A7FB-18635A3AACBF}.Debug|x86.ActiveCfg = Debug|Any CPU
		{4D37A2BE-D784-4925-A7FB-18635A3AACBF}.Release|Any CPU.ActiveCfg = Release|Any CPU
		{4D37A2BE-D784-4925-A7FB-18635A3AACBF}.Release|Any CPU.Build.0 = Release|Any CPU
		{4D37A2BE-D784-4925-A7FB-18635A3AACBF}.Release|ARM.ActiveCfg = Release|Any CPU
		{4D37A2BE-D784-4925-A7FB-18635A3AACBF}.Release|iPhone.ActiveCfg = Release|Any CPU
		{4D37A2BE-D784-4925-A7FB-18635A3AACBF}.Release|iPhoneSimulator.ActiveCfg = Release|Any CPU
		{4D37A2BE-D784-4925-A7FB-18635A3AACBF}.Release|x64.ActiveCfg = Release|Any CPU
		{4D37A2BE-D784-4925-A7FB-18635A3AACBF}.Release|x86.ActiveCfg = Release|Any CPU
		{AFAD33DB-710E-4C56-9983-FE9034D9B36A}.Debug|Any CPU.ActiveCfg = Debug|Any CPU
		{AFAD33DB-710E-4C56-9983-FE9034D9B36A}.Debug|Any CPU.Build.0 = Debug|Any CPU
		{AFAD33DB-710E-4C56-9983-FE9034D9B36A}.Debug|ARM.ActiveCfg = Debug|Any CPU
		{AFAD33DB-710E-4C56-9983-FE9034D9B36A}.Debug|iPhone.ActiveCfg = Debug|Any CPU
		{AFAD33DB-710E-4C56-9983-FE9034D9B36A}.Debug|iPhoneSimulator.ActiveCfg = Debug|Any CPU
		{AFAD33DB-710E-4C56-9983-FE9034D9B36A}.Debug|x64.ActiveCfg = Debug|Any CPU
		{AFAD33DB-710E-4C56-9983-FE9034D9B36A}.Debug|x86.ActiveCfg = Debug|Any CPU
		{AFAD33DB-710E-4C56-9983-FE9034D9B36A}.Release|Any CPU.ActiveCfg = Release|Any CPU
		{AFAD33DB-710E-4C56-9983-FE9034D9B36A}.Release|Any CPU.Build.0 = Release|Any CPU
		{AFAD33DB-710E-4C56-9983-FE9034D9B36A}.Release|ARM.ActiveCfg = Release|Any CPU
		{AFAD33DB-710E-4C56-9983-FE9034D9B36A}.Release|iPhone.ActiveCfg = Release|Any CPU
		{AFAD33DB-710E-4C56-9983-FE9034D9B36A}.Release|iPhoneSimulator.ActiveCfg = Release|Any CPU
		{AFAD33DB-710E-4C56-9983-FE9034D9B36A}.Release|x64.ActiveCfg = Release|Any CPU
		{AFAD33DB-710E-4C56-9983-FE9034D9B36A}.Release|x86.ActiveCfg = Release|Any CPU
		{BBEA9EA4-222D-454E-951E-7CB42DADA2DB}.Debug|Any CPU.ActiveCfg = Debug|Any CPU
		{BBEA9EA4-222D-454E-951E-7CB42DADA2DB}.Debug|Any CPU.Build.0 = Debug|Any CPU
		{BBEA9EA4-222D-454E-951E-7CB42DADA2DB}.Debug|ARM.ActiveCfg = Debug|Any CPU
		{BBEA9EA4-222D-454E-951E-7CB42DADA2DB}.Debug|iPhone.ActiveCfg = Debug|Any CPU
		{BBEA9EA4-222D-454E-951E-7CB42DADA2DB}.Debug|iPhoneSimulator.ActiveCfg = Debug|Any CPU
		{BBEA9EA4-222D-454E-951E-7CB42DADA2DB}.Debug|x64.ActiveCfg = Debug|Any CPU
		{BBEA9EA4-222D-454E-951E-7CB42DADA2DB}.Debug|x86.ActiveCfg = Debug|Any CPU
		{BBEA9EA4-222D-454E-951E-7CB42DADA2DB}.Release|Any CPU.ActiveCfg = Release|Any CPU
		{BBEA9EA4-222D-454E-951E-7CB42DADA2DB}.Release|Any CPU.Build.0 = Release|Any CPU
		{BBEA9EA4-222D-454E-951E-7CB42DADA2DB}.Release|ARM.ActiveCfg = Release|Any CPU
		{BBEA9EA4-222D-454E-951E-7CB42DADA2DB}.Release|iPhone.ActiveCfg = Release|Any CPU
		{BBEA9EA4-222D-454E-951E-7CB42DADA2DB}.Release|iPhoneSimulator.ActiveCfg = Release|Any CPU
		{BBEA9EA4-222D-454E-951E-7CB42DADA2DB}.Release|x64.ActiveCfg = Release|Any CPU
		{BBEA9EA4-222D-454E-951E-7CB42DADA2DB}.Release|x86.ActiveCfg = Release|Any CPU
		{B9EA9A8F-2BBE-4D28-9243-029A05E33A6B}.Debug|Any CPU.ActiveCfg = Debug|Any CPU
		{B9EA9A8F-2BBE-4D28-9243-029A05E33A6B}.Debug|Any CPU.Build.0 = Debug|Any CPU
		{B9EA9A8F-2BBE-4D28-9243-029A05E33A6B}.Debug|ARM.ActiveCfg = Debug|Any CPU
		{B9EA9A8F-2BBE-4D28-9243-029A05E33A6B}.Debug|ARM.Build.0 = Debug|Any CPU
		{B9EA9A8F-2BBE-4D28-9243-029A05E33A6B}.Debug|iPhone.ActiveCfg = Debug|Any CPU
		{B9EA9A8F-2BBE-4D28-9243-029A05E33A6B}.Debug|iPhone.Build.0 = Debug|Any CPU
		{B9EA9A8F-2BBE-4D28-9243-029A05E33A6B}.Debug|iPhoneSimulator.ActiveCfg = Debug|Any CPU
		{B9EA9A8F-2BBE-4D28-9243-029A05E33A6B}.Debug|iPhoneSimulator.Build.0 = Debug|Any CPU
		{B9EA9A8F-2BBE-4D28-9243-029A05E33A6B}.Debug|x64.ActiveCfg = Debug|Any CPU
		{B9EA9A8F-2BBE-4D28-9243-029A05E33A6B}.Debug|x64.Build.0 = Debug|Any CPU
		{B9EA9A8F-2BBE-4D28-9243-029A05E33A6B}.Debug|x86.ActiveCfg = Debug|Any CPU
		{B9EA9A8F-2BBE-4D28-9243-029A05E33A6B}.Debug|x86.Build.0 = Debug|Any CPU
		{B9EA9A8F-2BBE-4D28-9243-029A05E33A6B}.Release|Any CPU.ActiveCfg = Release|Any CPU
		{B9EA9A8F-2BBE-4D28-9243-029A05E33A6B}.Release|Any CPU.Build.0 = Release|Any CPU
		{B9EA9A8F-2BBE-4D28-9243-029A05E33A6B}.Release|ARM.ActiveCfg = Release|Any CPU
		{B9EA9A8F-2BBE-4D28-9243-029A05E33A6B}.Release|ARM.Build.0 = Release|Any CPU
		{B9EA9A8F-2BBE-4D28-9243-029A05E33A6B}.Release|iPhone.ActiveCfg = Release|Any CPU
		{B9EA9A8F-2BBE-4D28-9243-029A05E33A6B}.Release|iPhone.Build.0 = Release|Any CPU
		{B9EA9A8F-2BBE-4D28-9243-029A05E33A6B}.Release|iPhoneSimulator.ActiveCfg = Release|Any CPU
		{B9EA9A8F-2BBE-4D28-9243-029A05E33A6B}.Release|iPhoneSimulator.Build.0 = Release|Any CPU
		{B9EA9A8F-2BBE-4D28-9243-029A05E33A6B}.Release|x64.ActiveCfg = Release|Any CPU
		{B9EA9A8F-2BBE-4D28-9243-029A05E33A6B}.Release|x64.Build.0 = Release|Any CPU
		{B9EA9A8F-2BBE-4D28-9243-029A05E33A6B}.Release|x86.ActiveCfg = Release|Any CPU
		{B9EA9A8F-2BBE-4D28-9243-029A05E33A6B}.Release|x86.Build.0 = Release|Any CPU
		{2D87DFAD-678A-4B54-9215-02C416AEBC80}.Debug|Any CPU.ActiveCfg = Debug|Any CPU
		{2D87DFAD-678A-4B54-9215-02C416AEBC80}.Debug|Any CPU.Build.0 = Debug|Any CPU
		{2D87DFAD-678A-4B54-9215-02C416AEBC80}.Debug|ARM.ActiveCfg = Debug|Any CPU
		{2D87DFAD-678A-4B54-9215-02C416AEBC80}.Debug|ARM.Build.0 = Debug|Any CPU
		{2D87DFAD-678A-4B54-9215-02C416AEBC80}.Debug|iPhone.ActiveCfg = Debug|Any CPU
		{2D87DFAD-678A-4B54-9215-02C416AEBC80}.Debug|iPhone.Build.0 = Debug|Any CPU
		{2D87DFAD-678A-4B54-9215-02C416AEBC80}.Debug|iPhoneSimulator.ActiveCfg = Debug|Any CPU
		{2D87DFAD-678A-4B54-9215-02C416AEBC80}.Debug|iPhoneSimulator.Build.0 = Debug|Any CPU
		{2D87DFAD-678A-4B54-9215-02C416AEBC80}.Debug|x64.ActiveCfg = Debug|Any CPU
		{2D87DFAD-678A-4B54-9215-02C416AEBC80}.Debug|x64.Build.0 = Debug|Any CPU
		{2D87DFAD-678A-4B54-9215-02C416AEBC80}.Debug|x86.ActiveCfg = Debug|Any CPU
		{2D87DFAD-678A-4B54-9215-02C416AEBC80}.Debug|x86.Build.0 = Debug|Any CPU
		{2D87DFAD-678A-4B54-9215-02C416AEBC80}.Release|Any CPU.ActiveCfg = Release|Any CPU
		{2D87DFAD-678A-4B54-9215-02C416AEBC80}.Release|Any CPU.Build.0 = Release|Any CPU
		{2D87DFAD-678A-4B54-9215-02C416AEBC80}.Release|ARM.ActiveCfg = Release|Any CPU
		{2D87DFAD-678A-4B54-9215-02C416AEBC80}.Release|ARM.Build.0 = Release|Any CPU
		{2D87DFAD-678A-4B54-9215-02C416AEBC80}.Release|iPhone.ActiveCfg = Release|Any CPU
		{2D87DFAD-678A-4B54-9215-02C416AEBC80}.Release|iPhone.Build.0 = Release|Any CPU
		{2D87DFAD-678A-4B54-9215-02C416AEBC80}.Release|iPhoneSimulator.ActiveCfg = Release|Any CPU
		{2D87DFAD-678A-4B54-9215-02C416AEBC80}.Release|iPhoneSimulator.Build.0 = Release|Any CPU
		{2D87DFAD-678A-4B54-9215-02C416AEBC80}.Release|x64.ActiveCfg = Release|Any CPU
		{2D87DFAD-678A-4B54-9215-02C416AEBC80}.Release|x64.Build.0 = Release|Any CPU
		{2D87DFAD-678A-4B54-9215-02C416AEBC80}.Release|x86.ActiveCfg = Release|Any CPU
		{2D87DFAD-678A-4B54-9215-02C416AEBC80}.Release|x86.Build.0 = Release|Any CPU
		{3E447720-0E0A-4FCC-B951-A004A8807BE0}.Debug|Any CPU.ActiveCfg = Debug|Any CPU
		{3E447720-0E0A-4FCC-B951-A004A8807BE0}.Debug|Any CPU.Build.0 = Debug|Any CPU
		{3E447720-0E0A-4FCC-B951-A004A8807BE0}.Debug|ARM.ActiveCfg = Debug|Any CPU
		{3E447720-0E0A-4FCC-B951-A004A8807BE0}.Debug|ARM.Build.0 = Debug|Any CPU
		{3E447720-0E0A-4FCC-B951-A004A8807BE0}.Debug|iPhone.ActiveCfg = Debug|Any CPU
		{3E447720-0E0A-4FCC-B951-A004A8807BE0}.Debug|iPhone.Build.0 = Debug|Any CPU
		{3E447720-0E0A-4FCC-B951-A004A8807BE0}.Debug|iPhoneSimulator.ActiveCfg = Debug|Any CPU
		{3E447720-0E0A-4FCC-B951-A004A8807BE0}.Debug|iPhoneSimulator.Build.0 = Debug|Any CPU
		{3E447720-0E0A-4FCC-B951-A004A8807BE0}.Debug|x64.ActiveCfg = Debug|Any CPU
		{3E447720-0E0A-4FCC-B951-A004A8807BE0}.Debug|x64.Build.0 = Debug|Any CPU
		{3E447720-0E0A-4FCC-B951-A004A8807BE0}.Debug|x86.ActiveCfg = Debug|Any CPU
		{3E447720-0E0A-4FCC-B951-A004A8807BE0}.Debug|x86.Build.0 = Debug|Any CPU
		{3E447720-0E0A-4FCC-B951-A004A8807BE0}.Release|Any CPU.ActiveCfg = Release|Any CPU
		{3E447720-0E0A-4FCC-B951-A004A8807BE0}.Release|Any CPU.Build.0 = Release|Any CPU
		{3E447720-0E0A-4FCC-B951-A004A8807BE0}.Release|ARM.ActiveCfg = Release|Any CPU
		{3E447720-0E0A-4FCC-B951-A004A8807BE0}.Release|ARM.Build.0 = Release|Any CPU
		{3E447720-0E0A-4FCC-B951-A004A8807BE0}.Release|iPhone.ActiveCfg = Release|Any CPU
		{3E447720-0E0A-4FCC-B951-A004A8807BE0}.Release|iPhone.Build.0 = Release|Any CPU
		{3E447720-0E0A-4FCC-B951-A004A8807BE0}.Release|iPhoneSimulator.ActiveCfg = Release|Any CPU
		{3E447720-0E0A-4FCC-B951-A004A8807BE0}.Release|iPhoneSimulator.Build.0 = Release|Any CPU
		{3E447720-0E0A-4FCC-B951-A004A8807BE0}.Release|x64.ActiveCfg = Release|Any CPU
		{3E447720-0E0A-4FCC-B951-A004A8807BE0}.Release|x64.Build.0 = Release|Any CPU
		{3E447720-0E0A-4FCC-B951-A004A8807BE0}.Release|x86.ActiveCfg = Release|Any CPU
		{3E447720-0E0A-4FCC-B951-A004A8807BE0}.Release|x86.Build.0 = Release|Any CPU
		{0CE90E4C-586B-4357-8A22-8B39F46B96C5}.Debug|Any CPU.ActiveCfg = Debug|Any CPU
		{0CE90E4C-586B-4357-8A22-8B39F46B96C5}.Debug|Any CPU.Build.0 = Debug|Any CPU
		{0CE90E4C-586B-4357-8A22-8B39F46B96C5}.Debug|ARM.ActiveCfg = Debug|Any CPU
		{0CE90E4C-586B-4357-8A22-8B39F46B96C5}.Debug|ARM.Build.0 = Debug|Any CPU
		{0CE90E4C-586B-4357-8A22-8B39F46B96C5}.Debug|iPhone.ActiveCfg = Debug|Any CPU
		{0CE90E4C-586B-4357-8A22-8B39F46B96C5}.Debug|iPhone.Build.0 = Debug|Any CPU
		{0CE90E4C-586B-4357-8A22-8B39F46B96C5}.Debug|iPhoneSimulator.ActiveCfg = Debug|Any CPU
		{0CE90E4C-586B-4357-8A22-8B39F46B96C5}.Debug|iPhoneSimulator.Build.0 = Debug|Any CPU
		{0CE90E4C-586B-4357-8A22-8B39F46B96C5}.Debug|x64.ActiveCfg = Debug|Any CPU
		{0CE90E4C-586B-4357-8A22-8B39F46B96C5}.Debug|x64.Build.0 = Debug|Any CPU
		{0CE90E4C-586B-4357-8A22-8B39F46B96C5}.Debug|x86.ActiveCfg = Debug|Any CPU
		{0CE90E4C-586B-4357-8A22-8B39F46B96C5}.Debug|x86.Build.0 = Debug|Any CPU
		{0CE90E4C-586B-4357-8A22-8B39F46B96C5}.Release|Any CPU.ActiveCfg = Release|Any CPU
		{0CE90E4C-586B-4357-8A22-8B39F46B96C5}.Release|Any CPU.Build.0 = Release|Any CPU
		{0CE90E4C-586B-4357-8A22-8B39F46B96C5}.Release|ARM.ActiveCfg = Release|Any CPU
		{0CE90E4C-586B-4357-8A22-8B39F46B96C5}.Release|ARM.Build.0 = Release|Any CPU
		{0CE90E4C-586B-4357-8A22-8B39F46B96C5}.Release|iPhone.ActiveCfg = Release|Any CPU
		{0CE90E4C-586B-4357-8A22-8B39F46B96C5}.Release|iPhone.Build.0 = Release|Any CPU
		{0CE90E4C-586B-4357-8A22-8B39F46B96C5}.Release|iPhoneSimulator.ActiveCfg = Release|Any CPU
		{0CE90E4C-586B-4357-8A22-8B39F46B96C5}.Release|iPhoneSimulator.Build.0 = Release|Any CPU
		{0CE90E4C-586B-4357-8A22-8B39F46B96C5}.Release|x64.ActiveCfg = Release|Any CPU
		{0CE90E4C-586B-4357-8A22-8B39F46B96C5}.Release|x64.Build.0 = Release|Any CPU
		{0CE90E4C-586B-4357-8A22-8B39F46B96C5}.Release|x86.ActiveCfg = Release|Any CPU
		{0CE90E4C-586B-4357-8A22-8B39F46B96C5}.Release|x86.Build.0 = Release|Any CPU
		{65552F7C-E580-4805-89E1-FB4135132E7D}.Debug|Any CPU.ActiveCfg = Debug|Any CPU
		{65552F7C-E580-4805-89E1-FB4135132E7D}.Debug|Any CPU.Build.0 = Debug|Any CPU
		{65552F7C-E580-4805-89E1-FB4135132E7D}.Debug|ARM.ActiveCfg = Debug|Any CPU
		{65552F7C-E580-4805-89E1-FB4135132E7D}.Debug|ARM.Build.0 = Debug|Any CPU
		{65552F7C-E580-4805-89E1-FB4135132E7D}.Debug|iPhone.ActiveCfg = Debug|Any CPU
		{65552F7C-E580-4805-89E1-FB4135132E7D}.Debug|iPhone.Build.0 = Debug|Any CPU
		{65552F7C-E580-4805-89E1-FB4135132E7D}.Debug|iPhoneSimulator.ActiveCfg = Debug|Any CPU
		{65552F7C-E580-4805-89E1-FB4135132E7D}.Debug|iPhoneSimulator.Build.0 = Debug|Any CPU
		{65552F7C-E580-4805-89E1-FB4135132E7D}.Debug|x64.ActiveCfg = Debug|Any CPU
		{65552F7C-E580-4805-89E1-FB4135132E7D}.Debug|x64.Build.0 = Debug|Any CPU
		{65552F7C-E580-4805-89E1-FB4135132E7D}.Debug|x86.ActiveCfg = Debug|Any CPU
		{65552F7C-E580-4805-89E1-FB4135132E7D}.Debug|x86.Build.0 = Debug|Any CPU
		{65552F7C-E580-4805-89E1-FB4135132E7D}.Release|Any CPU.ActiveCfg = Release|Any CPU
		{65552F7C-E580-4805-89E1-FB4135132E7D}.Release|Any CPU.Build.0 = Release|Any CPU
		{65552F7C-E580-4805-89E1-FB4135132E7D}.Release|ARM.ActiveCfg = Release|Any CPU
		{65552F7C-E580-4805-89E1-FB4135132E7D}.Release|ARM.Build.0 = Release|Any CPU
		{65552F7C-E580-4805-89E1-FB4135132E7D}.Release|iPhone.ActiveCfg = Release|Any CPU
		{65552F7C-E580-4805-89E1-FB4135132E7D}.Release|iPhone.Build.0 = Release|Any CPU
		{65552F7C-E580-4805-89E1-FB4135132E7D}.Release|iPhoneSimulator.ActiveCfg = Release|Any CPU
		{65552F7C-E580-4805-89E1-FB4135132E7D}.Release|iPhoneSimulator.Build.0 = Release|Any CPU
		{65552F7C-E580-4805-89E1-FB4135132E7D}.Release|x64.ActiveCfg = Release|Any CPU
		{65552F7C-E580-4805-89E1-FB4135132E7D}.Release|x64.Build.0 = Release|Any CPU
		{65552F7C-E580-4805-89E1-FB4135132E7D}.Release|x86.ActiveCfg = Release|Any CPU
		{65552F7C-E580-4805-89E1-FB4135132E7D}.Release|x86.Build.0 = Release|Any CPU
		{C0D68CD3-A816-4C71-87AF-353B1929892E}.Debug|Any CPU.ActiveCfg = Debug|Any CPU
		{C0D68CD3-A816-4C71-87AF-353B1929892E}.Debug|Any CPU.Build.0 = Debug|Any CPU
		{C0D68CD3-A816-4C71-87AF-353B1929892E}.Debug|ARM.ActiveCfg = Debug|Any CPU
		{C0D68CD3-A816-4C71-87AF-353B1929892E}.Debug|ARM.Build.0 = Debug|Any CPU
		{C0D68CD3-A816-4C71-87AF-353B1929892E}.Debug|iPhone.ActiveCfg = Debug|Any CPU
		{C0D68CD3-A816-4C71-87AF-353B1929892E}.Debug|iPhone.Build.0 = Debug|Any CPU
		{C0D68CD3-A816-4C71-87AF-353B1929892E}.Debug|iPhoneSimulator.ActiveCfg = Debug|Any CPU
		{C0D68CD3-A816-4C71-87AF-353B1929892E}.Debug|iPhoneSimulator.Build.0 = Debug|Any CPU
		{C0D68CD3-A816-4C71-87AF-353B1929892E}.Debug|x64.ActiveCfg = Debug|Any CPU
		{C0D68CD3-A816-4C71-87AF-353B1929892E}.Debug|x64.Build.0 = Debug|Any CPU
		{C0D68CD3-A816-4C71-87AF-353B1929892E}.Debug|x86.ActiveCfg = Debug|Any CPU
		{C0D68CD3-A816-4C71-87AF-353B1929892E}.Debug|x86.Build.0 = Debug|Any CPU
		{C0D68CD3-A816-4C71-87AF-353B1929892E}.Release|Any CPU.ActiveCfg = Release|Any CPU
		{C0D68CD3-A816-4C71-87AF-353B1929892E}.Release|Any CPU.Build.0 = Release|Any CPU
		{C0D68CD3-A816-4C71-87AF-353B1929892E}.Release|ARM.ActiveCfg = Release|Any CPU
		{C0D68CD3-A816-4C71-87AF-353B1929892E}.Release|ARM.Build.0 = Release|Any CPU
		{C0D68CD3-A816-4C71-87AF-353B1929892E}.Release|iPhone.ActiveCfg = Release|Any CPU
		{C0D68CD3-A816-4C71-87AF-353B1929892E}.Release|iPhone.Build.0 = Release|Any CPU
		{C0D68CD3-A816-4C71-87AF-353B1929892E}.Release|iPhoneSimulator.ActiveCfg = Release|Any CPU
		{C0D68CD3-A816-4C71-87AF-353B1929892E}.Release|iPhoneSimulator.Build.0 = Release|Any CPU
		{C0D68CD3-A816-4C71-87AF-353B1929892E}.Release|x64.ActiveCfg = Release|Any CPU
		{C0D68CD3-A816-4C71-87AF-353B1929892E}.Release|x64.Build.0 = Release|Any CPU
		{C0D68CD3-A816-4C71-87AF-353B1929892E}.Release|x86.ActiveCfg = Release|Any CPU
		{C0D68CD3-A816-4C71-87AF-353B1929892E}.Release|x86.Build.0 = Release|Any CPU
		{70643A8B-84AD-4DF8-A897-A4FE86B7BD36}.Debug|Any CPU.ActiveCfg = Debug|Any CPU
		{70643A8B-84AD-4DF8-A897-A4FE86B7BD36}.Debug|Any CPU.Build.0 = Debug|Any CPU
		{70643A8B-84AD-4DF8-A897-A4FE86B7BD36}.Debug|ARM.ActiveCfg = Debug|Any CPU
		{70643A8B-84AD-4DF8-A897-A4FE86B7BD36}.Debug|ARM.Build.0 = Debug|Any CPU
		{70643A8B-84AD-4DF8-A897-A4FE86B7BD36}.Debug|iPhone.ActiveCfg = Debug|Any CPU
		{70643A8B-84AD-4DF8-A897-A4FE86B7BD36}.Debug|iPhone.Build.0 = Debug|Any CPU
		{70643A8B-84AD-4DF8-A897-A4FE86B7BD36}.Debug|iPhoneSimulator.ActiveCfg = Debug|Any CPU
		{70643A8B-84AD-4DF8-A897-A4FE86B7BD36}.Debug|iPhoneSimulator.Build.0 = Debug|Any CPU
		{70643A8B-84AD-4DF8-A897-A4FE86B7BD36}.Debug|x64.ActiveCfg = Debug|Any CPU
		{70643A8B-84AD-4DF8-A897-A4FE86B7BD36}.Debug|x64.Build.0 = Debug|Any CPU
		{70643A8B-84AD-4DF8-A897-A4FE86B7BD36}.Debug|x86.ActiveCfg = Debug|Any CPU
		{70643A8B-84AD-4DF8-A897-A4FE86B7BD36}.Debug|x86.Build.0 = Debug|Any CPU
		{70643A8B-84AD-4DF8-A897-A4FE86B7BD36}.Release|Any CPU.ActiveCfg = Release|Any CPU
		{70643A8B-84AD-4DF8-A897-A4FE86B7BD36}.Release|Any CPU.Build.0 = Release|Any CPU
		{70643A8B-84AD-4DF8-A897-A4FE86B7BD36}.Release|ARM.ActiveCfg = Release|Any CPU
		{70643A8B-84AD-4DF8-A897-A4FE86B7BD36}.Release|ARM.Build.0 = Release|Any CPU
		{70643A8B-84AD-4DF8-A897-A4FE86B7BD36}.Release|iPhone.ActiveCfg = Release|Any CPU
		{70643A8B-84AD-4DF8-A897-A4FE86B7BD36}.Release|iPhone.Build.0 = Release|Any CPU
		{70643A8B-84AD-4DF8-A897-A4FE86B7BD36}.Release|iPhoneSimulator.ActiveCfg = Release|Any CPU
		{70643A8B-84AD-4DF8-A897-A4FE86B7BD36}.Release|iPhoneSimulator.Build.0 = Release|Any CPU
		{70643A8B-84AD-4DF8-A897-A4FE86B7BD36}.Release|x64.ActiveCfg = Release|Any CPU
		{70643A8B-84AD-4DF8-A897-A4FE86B7BD36}.Release|x64.Build.0 = Release|Any CPU
		{70643A8B-84AD-4DF8-A897-A4FE86B7BD36}.Release|x86.ActiveCfg = Release|Any CPU
		{70643A8B-84AD-4DF8-A897-A4FE86B7BD36}.Release|x86.Build.0 = Release|Any CPU
		{8DB6218F-2611-497E-83B0-B3DC40B68317}.Debug|Any CPU.ActiveCfg = Debug|Any CPU
		{8DB6218F-2611-497E-83B0-B3DC40B68317}.Debug|Any CPU.Build.0 = Debug|Any CPU
		{8DB6218F-2611-497E-83B0-B3DC40B68317}.Debug|ARM.ActiveCfg = Debug|Any CPU
		{8DB6218F-2611-497E-83B0-B3DC40B68317}.Debug|ARM.Build.0 = Debug|Any CPU
		{8DB6218F-2611-497E-83B0-B3DC40B68317}.Debug|iPhone.ActiveCfg = Debug|Any CPU
		{8DB6218F-2611-497E-83B0-B3DC40B68317}.Debug|iPhone.Build.0 = Debug|Any CPU
		{8DB6218F-2611-497E-83B0-B3DC40B68317}.Debug|iPhoneSimulator.ActiveCfg = Debug|Any CPU
		{8DB6218F-2611-497E-83B0-B3DC40B68317}.Debug|iPhoneSimulator.Build.0 = Debug|Any CPU
		{8DB6218F-2611-497E-83B0-B3DC40B68317}.Debug|x64.ActiveCfg = Debug|Any CPU
		{8DB6218F-2611-497E-83B0-B3DC40B68317}.Debug|x64.Build.0 = Debug|Any CPU
		{8DB6218F-2611-497E-83B0-B3DC40B68317}.Debug|x86.ActiveCfg = Debug|Any CPU
		{8DB6218F-2611-497E-83B0-B3DC40B68317}.Debug|x86.Build.0 = Debug|Any CPU
		{8DB6218F-2611-497E-83B0-B3DC40B68317}.Release|Any CPU.ActiveCfg = Release|Any CPU
		{8DB6218F-2611-497E-83B0-B3DC40B68317}.Release|Any CPU.Build.0 = Release|Any CPU
		{8DB6218F-2611-497E-83B0-B3DC40B68317}.Release|ARM.ActiveCfg = Release|Any CPU
		{8DB6218F-2611-497E-83B0-B3DC40B68317}.Release|ARM.Build.0 = Release|Any CPU
		{8DB6218F-2611-497E-83B0-B3DC40B68317}.Release|iPhone.ActiveCfg = Release|Any CPU
		{8DB6218F-2611-497E-83B0-B3DC40B68317}.Release|iPhone.Build.0 = Release|Any CPU
		{8DB6218F-2611-497E-83B0-B3DC40B68317}.Release|iPhoneSimulator.ActiveCfg = Release|Any CPU
		{8DB6218F-2611-497E-83B0-B3DC40B68317}.Release|iPhoneSimulator.Build.0 = Release|Any CPU
		{8DB6218F-2611-497E-83B0-B3DC40B68317}.Release|x64.ActiveCfg = Release|Any CPU
		{8DB6218F-2611-497E-83B0-B3DC40B68317}.Release|x64.Build.0 = Release|Any CPU
		{8DB6218F-2611-497E-83B0-B3DC40B68317}.Release|x86.ActiveCfg = Release|Any CPU
		{8DB6218F-2611-497E-83B0-B3DC40B68317}.Release|x86.Build.0 = Release|Any CPU
		{7753CA24-C30B-427D-8DA0-8B69FC6F7D06}.Debug|Any CPU.ActiveCfg = Debug|Any CPU
		{7753CA24-C30B-427D-8DA0-8B69FC6F7D06}.Debug|Any CPU.Build.0 = Debug|Any CPU
		{7753CA24-C30B-427D-8DA0-8B69FC6F7D06}.Debug|ARM.ActiveCfg = Debug|Any CPU
		{7753CA24-C30B-427D-8DA0-8B69FC6F7D06}.Debug|ARM.Build.0 = Debug|Any CPU
		{7753CA24-C30B-427D-8DA0-8B69FC6F7D06}.Debug|iPhone.ActiveCfg = Debug|Any CPU
		{7753CA24-C30B-427D-8DA0-8B69FC6F7D06}.Debug|iPhone.Build.0 = Debug|Any CPU
		{7753CA24-C30B-427D-8DA0-8B69FC6F7D06}.Debug|iPhoneSimulator.ActiveCfg = Debug|Any CPU
		{7753CA24-C30B-427D-8DA0-8B69FC6F7D06}.Debug|iPhoneSimulator.Build.0 = Debug|Any CPU
		{7753CA24-C30B-427D-8DA0-8B69FC6F7D06}.Debug|x64.ActiveCfg = Debug|Any CPU
		{7753CA24-C30B-427D-8DA0-8B69FC6F7D06}.Debug|x64.Build.0 = Debug|Any CPU
		{7753CA24-C30B-427D-8DA0-8B69FC6F7D06}.Debug|x86.ActiveCfg = Debug|Any CPU
		{7753CA24-C30B-427D-8DA0-8B69FC6F7D06}.Debug|x86.Build.0 = Debug|Any CPU
		{7753CA24-C30B-427D-8DA0-8B69FC6F7D06}.Release|Any CPU.ActiveCfg = Release|Any CPU
		{7753CA24-C30B-427D-8DA0-8B69FC6F7D06}.Release|Any CPU.Build.0 = Release|Any CPU
		{7753CA24-C30B-427D-8DA0-8B69FC6F7D06}.Release|ARM.ActiveCfg = Release|Any CPU
		{7753CA24-C30B-427D-8DA0-8B69FC6F7D06}.Release|ARM.Build.0 = Release|Any CPU
		{7753CA24-C30B-427D-8DA0-8B69FC6F7D06}.Release|iPhone.ActiveCfg = Release|Any CPU
		{7753CA24-C30B-427D-8DA0-8B69FC6F7D06}.Release|iPhone.Build.0 = Release|Any CPU
		{7753CA24-C30B-427D-8DA0-8B69FC6F7D06}.Release|iPhoneSimulator.ActiveCfg = Release|Any CPU
		{7753CA24-C30B-427D-8DA0-8B69FC6F7D06}.Release|iPhoneSimulator.Build.0 = Release|Any CPU
		{7753CA24-C30B-427D-8DA0-8B69FC6F7D06}.Release|x64.ActiveCfg = Release|Any CPU
		{7753CA24-C30B-427D-8DA0-8B69FC6F7D06}.Release|x64.Build.0 = Release|Any CPU
		{7753CA24-C30B-427D-8DA0-8B69FC6F7D06}.Release|x86.ActiveCfg = Release|Any CPU
		{7753CA24-C30B-427D-8DA0-8B69FC6F7D06}.Release|x86.Build.0 = Release|Any CPU
		{51ECD292-994A-43A2-8699-9FA00941D849}.Debug|Any CPU.ActiveCfg = Debug|Any CPU
		{51ECD292-994A-43A2-8699-9FA00941D849}.Debug|Any CPU.Build.0 = Debug|Any CPU
		{51ECD292-994A-43A2-8699-9FA00941D849}.Debug|ARM.ActiveCfg = Debug|Any CPU
		{51ECD292-994A-43A2-8699-9FA00941D849}.Debug|ARM.Build.0 = Debug|Any CPU
		{51ECD292-994A-43A2-8699-9FA00941D849}.Debug|iPhone.ActiveCfg = Debug|Any CPU
		{51ECD292-994A-43A2-8699-9FA00941D849}.Debug|iPhone.Build.0 = Debug|Any CPU
		{51ECD292-994A-43A2-8699-9FA00941D849}.Debug|iPhoneSimulator.ActiveCfg = Debug|Any CPU
		{51ECD292-994A-43A2-8699-9FA00941D849}.Debug|iPhoneSimulator.Build.0 = Debug|Any CPU
		{51ECD292-994A-43A2-8699-9FA00941D849}.Debug|x64.ActiveCfg = Debug|Any CPU
		{51ECD292-994A-43A2-8699-9FA00941D849}.Debug|x64.Build.0 = Debug|Any CPU
		{51ECD292-994A-43A2-8699-9FA00941D849}.Debug|x86.ActiveCfg = Debug|Any CPU
		{51ECD292-994A-43A2-8699-9FA00941D849}.Debug|x86.Build.0 = Debug|Any CPU
		{51ECD292-994A-43A2-8699-9FA00941D849}.Release|Any CPU.ActiveCfg = Release|Any CPU
		{51ECD292-994A-43A2-8699-9FA00941D849}.Release|Any CPU.Build.0 = Release|Any CPU
		{51ECD292-994A-43A2-8699-9FA00941D849}.Release|ARM.ActiveCfg = Release|Any CPU
		{51ECD292-994A-43A2-8699-9FA00941D849}.Release|ARM.Build.0 = Release|Any CPU
		{51ECD292-994A-43A2-8699-9FA00941D849}.Release|iPhone.ActiveCfg = Release|Any CPU
		{51ECD292-994A-43A2-8699-9FA00941D849}.Release|iPhone.Build.0 = Release|Any CPU
		{51ECD292-994A-43A2-8699-9FA00941D849}.Release|iPhoneSimulator.ActiveCfg = Release|Any CPU
		{51ECD292-994A-43A2-8699-9FA00941D849}.Release|iPhoneSimulator.Build.0 = Release|Any CPU
		{51ECD292-994A-43A2-8699-9FA00941D849}.Release|x64.ActiveCfg = Release|Any CPU
		{51ECD292-994A-43A2-8699-9FA00941D849}.Release|x64.Build.0 = Release|Any CPU
		{51ECD292-994A-43A2-8699-9FA00941D849}.Release|x86.ActiveCfg = Release|Any CPU
		{51ECD292-994A-43A2-8699-9FA00941D849}.Release|x86.Build.0 = Release|Any CPU
		{E9B79825-E1C1-4CD7-974F-1D3AF1FF6F9C}.Debug|Any CPU.ActiveCfg = Debug|Any CPU
		{E9B79825-E1C1-4CD7-974F-1D3AF1FF6F9C}.Debug|Any CPU.Build.0 = Debug|Any CPU
		{E9B79825-E1C1-4CD7-974F-1D3AF1FF6F9C}.Debug|ARM.ActiveCfg = Debug|Any CPU
		{E9B79825-E1C1-4CD7-974F-1D3AF1FF6F9C}.Debug|ARM.Build.0 = Debug|Any CPU
		{E9B79825-E1C1-4CD7-974F-1D3AF1FF6F9C}.Debug|iPhone.ActiveCfg = Debug|Any CPU
		{E9B79825-E1C1-4CD7-974F-1D3AF1FF6F9C}.Debug|iPhone.Build.0 = Debug|Any CPU
		{E9B79825-E1C1-4CD7-974F-1D3AF1FF6F9C}.Debug|iPhoneSimulator.ActiveCfg = Debug|Any CPU
		{E9B79825-E1C1-4CD7-974F-1D3AF1FF6F9C}.Debug|iPhoneSimulator.Build.0 = Debug|Any CPU
		{E9B79825-E1C1-4CD7-974F-1D3AF1FF6F9C}.Debug|x64.ActiveCfg = Debug|Any CPU
		{E9B79825-E1C1-4CD7-974F-1D3AF1FF6F9C}.Debug|x64.Build.0 = Debug|Any CPU
		{E9B79825-E1C1-4CD7-974F-1D3AF1FF6F9C}.Debug|x86.ActiveCfg = Debug|Any CPU
		{E9B79825-E1C1-4CD7-974F-1D3AF1FF6F9C}.Debug|x86.Build.0 = Debug|Any CPU
		{E9B79825-E1C1-4CD7-974F-1D3AF1FF6F9C}.Release|Any CPU.ActiveCfg = Release|Any CPU
		{E9B79825-E1C1-4CD7-974F-1D3AF1FF6F9C}.Release|Any CPU.Build.0 = Release|Any CPU
		{E9B79825-E1C1-4CD7-974F-1D3AF1FF6F9C}.Release|ARM.ActiveCfg = Release|Any CPU
		{E9B79825-E1C1-4CD7-974F-1D3AF1FF6F9C}.Release|ARM.Build.0 = Release|Any CPU
		{E9B79825-E1C1-4CD7-974F-1D3AF1FF6F9C}.Release|iPhone.ActiveCfg = Release|Any CPU
		{E9B79825-E1C1-4CD7-974F-1D3AF1FF6F9C}.Release|iPhone.Build.0 = Release|Any CPU
		{E9B79825-E1C1-4CD7-974F-1D3AF1FF6F9C}.Release|iPhoneSimulator.ActiveCfg = Release|Any CPU
		{E9B79825-E1C1-4CD7-974F-1D3AF1FF6F9C}.Release|iPhoneSimulator.Build.0 = Release|Any CPU
		{E9B79825-E1C1-4CD7-974F-1D3AF1FF6F9C}.Release|x64.ActiveCfg = Release|Any CPU
		{E9B79825-E1C1-4CD7-974F-1D3AF1FF6F9C}.Release|x64.Build.0 = Release|Any CPU
		{E9B79825-E1C1-4CD7-974F-1D3AF1FF6F9C}.Release|x86.ActiveCfg = Release|Any CPU
		{E9B79825-E1C1-4CD7-974F-1D3AF1FF6F9C}.Release|x86.Build.0 = Release|Any CPU
		{8F283C4A-9965-44CA-B6AC-DC79938943D9}.Debug|Any CPU.ActiveCfg = Debug|Any CPU
		{8F283C4A-9965-44CA-B6AC-DC79938943D9}.Debug|Any CPU.Build.0 = Debug|Any CPU
		{8F283C4A-9965-44CA-B6AC-DC79938943D9}.Debug|ARM.ActiveCfg = Debug|Any CPU
		{8F283C4A-9965-44CA-B6AC-DC79938943D9}.Debug|ARM.Build.0 = Debug|Any CPU
		{8F283C4A-9965-44CA-B6AC-DC79938943D9}.Debug|iPhone.ActiveCfg = Debug|Any CPU
		{8F283C4A-9965-44CA-B6AC-DC79938943D9}.Debug|iPhone.Build.0 = Debug|Any CPU
		{8F283C4A-9965-44CA-B6AC-DC79938943D9}.Debug|iPhoneSimulator.ActiveCfg = Debug|Any CPU
		{8F283C4A-9965-44CA-B6AC-DC79938943D9}.Debug|iPhoneSimulator.Build.0 = Debug|Any CPU
		{8F283C4A-9965-44CA-B6AC-DC79938943D9}.Debug|x64.ActiveCfg = Debug|Any CPU
		{8F283C4A-9965-44CA-B6AC-DC79938943D9}.Debug|x64.Build.0 = Debug|Any CPU
		{8F283C4A-9965-44CA-B6AC-DC79938943D9}.Debug|x86.ActiveCfg = Debug|Any CPU
		{8F283C4A-9965-44CA-B6AC-DC79938943D9}.Debug|x86.Build.0 = Debug|Any CPU
		{8F283C4A-9965-44CA-B6AC-DC79938943D9}.Release|Any CPU.ActiveCfg = Release|Any CPU
		{8F283C4A-9965-44CA-B6AC-DC79938943D9}.Release|Any CPU.Build.0 = Release|Any CPU
		{8F283C4A-9965-44CA-B6AC-DC79938943D9}.Release|ARM.ActiveCfg = Release|Any CPU
		{8F283C4A-9965-44CA-B6AC-DC79938943D9}.Release|ARM.Build.0 = Release|Any CPU
		{8F283C4A-9965-44CA-B6AC-DC79938943D9}.Release|iPhone.ActiveCfg = Release|Any CPU
		{8F283C4A-9965-44CA-B6AC-DC79938943D9}.Release|iPhone.Build.0 = Release|Any CPU
		{8F283C4A-9965-44CA-B6AC-DC79938943D9}.Release|iPhoneSimulator.ActiveCfg = Release|Any CPU
		{8F283C4A-9965-44CA-B6AC-DC79938943D9}.Release|iPhoneSimulator.Build.0 = Release|Any CPU
		{8F283C4A-9965-44CA-B6AC-DC79938943D9}.Release|x64.ActiveCfg = Release|Any CPU
		{8F283C4A-9965-44CA-B6AC-DC79938943D9}.Release|x64.Build.0 = Release|Any CPU
		{8F283C4A-9965-44CA-B6AC-DC79938943D9}.Release|x86.ActiveCfg = Release|Any CPU
		{8F283C4A-9965-44CA-B6AC-DC79938943D9}.Release|x86.Build.0 = Release|Any CPU
		{59E0A17D-865B-4AAE-A0AA-ECF2EFEACBEF}.Debug|Any CPU.ActiveCfg = Debug|Any CPU
		{59E0A17D-865B-4AAE-A0AA-ECF2EFEACBEF}.Debug|Any CPU.Build.0 = Debug|Any CPU
		{59E0A17D-865B-4AAE-A0AA-ECF2EFEACBEF}.Debug|ARM.ActiveCfg = Debug|Any CPU
		{59E0A17D-865B-4AAE-A0AA-ECF2EFEACBEF}.Debug|ARM.Build.0 = Debug|Any CPU
		{59E0A17D-865B-4AAE-A0AA-ECF2EFEACBEF}.Debug|iPhone.ActiveCfg = Debug|Any CPU
		{59E0A17D-865B-4AAE-A0AA-ECF2EFEACBEF}.Debug|iPhone.Build.0 = Debug|Any CPU
		{59E0A17D-865B-4AAE-A0AA-ECF2EFEACBEF}.Debug|iPhoneSimulator.ActiveCfg = Debug|Any CPU
		{59E0A17D-865B-4AAE-A0AA-ECF2EFEACBEF}.Debug|iPhoneSimulator.Build.0 = Debug|Any CPU
		{59E0A17D-865B-4AAE-A0AA-ECF2EFEACBEF}.Debug|x64.ActiveCfg = Debug|Any CPU
		{59E0A17D-865B-4AAE-A0AA-ECF2EFEACBEF}.Debug|x64.Build.0 = Debug|Any CPU
		{59E0A17D-865B-4AAE-A0AA-ECF2EFEACBEF}.Debug|x86.ActiveCfg = Debug|Any CPU
		{59E0A17D-865B-4AAE-A0AA-ECF2EFEACBEF}.Debug|x86.Build.0 = Debug|Any CPU
		{59E0A17D-865B-4AAE-A0AA-ECF2EFEACBEF}.Release|Any CPU.ActiveCfg = Release|Any CPU
		{59E0A17D-865B-4AAE-A0AA-ECF2EFEACBEF}.Release|Any CPU.Build.0 = Release|Any CPU
		{59E0A17D-865B-4AAE-A0AA-ECF2EFEACBEF}.Release|ARM.ActiveCfg = Release|Any CPU
		{59E0A17D-865B-4AAE-A0AA-ECF2EFEACBEF}.Release|ARM.Build.0 = Release|Any CPU
		{59E0A17D-865B-4AAE-A0AA-ECF2EFEACBEF}.Release|iPhone.ActiveCfg = Release|Any CPU
		{59E0A17D-865B-4AAE-A0AA-ECF2EFEACBEF}.Release|iPhone.Build.0 = Release|Any CPU
		{59E0A17D-865B-4AAE-A0AA-ECF2EFEACBEF}.Release|iPhoneSimulator.ActiveCfg = Release|Any CPU
		{59E0A17D-865B-4AAE-A0AA-ECF2EFEACBEF}.Release|iPhoneSimulator.Build.0 = Release|Any CPU
		{59E0A17D-865B-4AAE-A0AA-ECF2EFEACBEF}.Release|x64.ActiveCfg = Release|Any CPU
		{59E0A17D-865B-4AAE-A0AA-ECF2EFEACBEF}.Release|x64.Build.0 = Release|Any CPU
		{59E0A17D-865B-4AAE-A0AA-ECF2EFEACBEF}.Release|x86.ActiveCfg = Release|Any CPU
		{59E0A17D-865B-4AAE-A0AA-ECF2EFEACBEF}.Release|x86.Build.0 = Release|Any CPU
		{E4B7F1C9-98A2-4399-BB58-C3AD8FF15762}.Debug|Any CPU.ActiveCfg = Debug|Any CPU
		{E4B7F1C9-98A2-4399-BB58-C3AD8FF15762}.Debug|Any CPU.Build.0 = Debug|Any CPU
		{E4B7F1C9-98A2-4399-BB58-C3AD8FF15762}.Debug|ARM.ActiveCfg = Debug|Any CPU
		{E4B7F1C9-98A2-4399-BB58-C3AD8FF15762}.Debug|ARM.Build.0 = Debug|Any CPU
		{E4B7F1C9-98A2-4399-BB58-C3AD8FF15762}.Debug|iPhone.ActiveCfg = Debug|Any CPU
		{E4B7F1C9-98A2-4399-BB58-C3AD8FF15762}.Debug|iPhone.Build.0 = Debug|Any CPU
		{E4B7F1C9-98A2-4399-BB58-C3AD8FF15762}.Debug|iPhoneSimulator.ActiveCfg = Debug|Any CPU
		{E4B7F1C9-98A2-4399-BB58-C3AD8FF15762}.Debug|iPhoneSimulator.Build.0 = Debug|Any CPU
		{E4B7F1C9-98A2-4399-BB58-C3AD8FF15762}.Debug|x64.ActiveCfg = Debug|Any CPU
		{E4B7F1C9-98A2-4399-BB58-C3AD8FF15762}.Debug|x64.Build.0 = Debug|Any CPU
		{E4B7F1C9-98A2-4399-BB58-C3AD8FF15762}.Debug|x86.ActiveCfg = Debug|Any CPU
		{E4B7F1C9-98A2-4399-BB58-C3AD8FF15762}.Debug|x86.Build.0 = Debug|Any CPU
		{E4B7F1C9-98A2-4399-BB58-C3AD8FF15762}.Release|Any CPU.ActiveCfg = Release|Any CPU
		{E4B7F1C9-98A2-4399-BB58-C3AD8FF15762}.Release|Any CPU.Build.0 = Release|Any CPU
		{E4B7F1C9-98A2-4399-BB58-C3AD8FF15762}.Release|ARM.ActiveCfg = Release|Any CPU
		{E4B7F1C9-98A2-4399-BB58-C3AD8FF15762}.Release|ARM.Build.0 = Release|Any CPU
		{E4B7F1C9-98A2-4399-BB58-C3AD8FF15762}.Release|iPhone.ActiveCfg = Release|Any CPU
		{E4B7F1C9-98A2-4399-BB58-C3AD8FF15762}.Release|iPhone.Build.0 = Release|Any CPU
		{E4B7F1C9-98A2-4399-BB58-C3AD8FF15762}.Release|iPhoneSimulator.ActiveCfg = Release|Any CPU
		{E4B7F1C9-98A2-4399-BB58-C3AD8FF15762}.Release|iPhoneSimulator.Build.0 = Release|Any CPU
		{E4B7F1C9-98A2-4399-BB58-C3AD8FF15762}.Release|x64.ActiveCfg = Release|Any CPU
		{E4B7F1C9-98A2-4399-BB58-C3AD8FF15762}.Release|x64.Build.0 = Release|Any CPU
		{E4B7F1C9-98A2-4399-BB58-C3AD8FF15762}.Release|x86.ActiveCfg = Release|Any CPU
		{E4B7F1C9-98A2-4399-BB58-C3AD8FF15762}.Release|x86.Build.0 = Release|Any CPU
		{83A682F3-1504-4056-A482-D87F47637DEE}.Debug|Any CPU.ActiveCfg = Debug|Any CPU
		{83A682F3-1504-4056-A482-D87F47637DEE}.Debug|Any CPU.Build.0 = Debug|Any CPU
		{83A682F3-1504-4056-A482-D87F47637DEE}.Debug|ARM.ActiveCfg = Debug|Any CPU
		{83A682F3-1504-4056-A482-D87F47637DEE}.Debug|ARM.Build.0 = Debug|Any CPU
		{83A682F3-1504-4056-A482-D87F47637DEE}.Debug|iPhone.ActiveCfg = Debug|Any CPU
		{83A682F3-1504-4056-A482-D87F47637DEE}.Debug|iPhone.Build.0 = Debug|Any CPU
		{83A682F3-1504-4056-A482-D87F47637DEE}.Debug|iPhoneSimulator.ActiveCfg = Debug|Any CPU
		{83A682F3-1504-4056-A482-D87F47637DEE}.Debug|iPhoneSimulator.Build.0 = Debug|Any CPU
		{83A682F3-1504-4056-A482-D87F47637DEE}.Debug|x64.ActiveCfg = Debug|Any CPU
		{83A682F3-1504-4056-A482-D87F47637DEE}.Debug|x64.Build.0 = Debug|Any CPU
		{83A682F3-1504-4056-A482-D87F47637DEE}.Debug|x86.ActiveCfg = Debug|Any CPU
		{83A682F3-1504-4056-A482-D87F47637DEE}.Debug|x86.Build.0 = Debug|Any CPU
		{83A682F3-1504-4056-A482-D87F47637DEE}.Release|Any CPU.ActiveCfg = Release|Any CPU
		{83A682F3-1504-4056-A482-D87F47637DEE}.Release|Any CPU.Build.0 = Release|Any CPU
		{83A682F3-1504-4056-A482-D87F47637DEE}.Release|ARM.ActiveCfg = Release|Any CPU
		{83A682F3-1504-4056-A482-D87F47637DEE}.Release|ARM.Build.0 = Release|Any CPU
		{83A682F3-1504-4056-A482-D87F47637DEE}.Release|iPhone.ActiveCfg = Release|Any CPU
		{83A682F3-1504-4056-A482-D87F47637DEE}.Release|iPhone.Build.0 = Release|Any CPU
		{83A682F3-1504-4056-A482-D87F47637DEE}.Release|iPhoneSimulator.ActiveCfg = Release|Any CPU
		{83A682F3-1504-4056-A482-D87F47637DEE}.Release|iPhoneSimulator.Build.0 = Release|Any CPU
		{83A682F3-1504-4056-A482-D87F47637DEE}.Release|x64.ActiveCfg = Release|Any CPU
		{83A682F3-1504-4056-A482-D87F47637DEE}.Release|x64.Build.0 = Release|Any CPU
		{83A682F3-1504-4056-A482-D87F47637DEE}.Release|x86.ActiveCfg = Release|Any CPU
		{83A682F3-1504-4056-A482-D87F47637DEE}.Release|x86.Build.0 = Release|Any CPU
	EndGlobalSection
	GlobalSection(SolutionProperties) = preSolution
		HideSolutionNode = FALSE
	EndGlobalSection
	GlobalSection(NestedProjects) = preSolution
		{B1E8FCD5-3E73-4C03-AA1B-91F83AA100CB} = {533295F7-70E1-44B5-ABBD-7EED0C839A64}
		{F12AEC89-0F0B-4996-9BAB-2DC650B18163} = {E2D035A3-BCF9-43FD-B8EE-94F39BD9265C}
		{9B7F3204-DB95-468C-B70E-436003C191EE} = {36016899-34FC-4DA3-836D-49ACDA52EB62}
		{79928E73-6C39-4ED0-967A-4329ABADF36A} = {E2D035A3-BCF9-43FD-B8EE-94F39BD9265C}
		{BAAAC36D-119E-40CA-A4DA-90CFAB909D97} = {0E2CE6AE-01F6-4964-8A2D-2FEA7DCE6512}
		{A45849D7-A21E-410B-BFF8-F264C11A1EA4} = {6C4618D1-67FC-4636-A0B5-4BE90F7E951B}
		{5B0A3470-D987-4C58-873D-8A0E4407B6BC} = {E2D035A3-BCF9-43FD-B8EE-94F39BD9265C}
		{2D6ABDEF-1B15-4245-B621-174808B05E80} = {E2D035A3-BCF9-43FD-B8EE-94F39BD9265C}
		{2C3E30F1-D241-4019-A140-22C91E330497} = {901D7D19-4212-424A-BAC0-D8D3C5E8CFEC}
		{27155C06-22F0-4BAB-BCF7-D933B88F471A} = {57A65D3C-B7FB-4864-94CB-B8FFC194FADA}
		{D73A3DD9-759C-4F3C-B4FA-3D4DC53903D6} = {901D7D19-4212-424A-BAC0-D8D3C5E8CFEC}
		{27D52686-12D1-4CF5-8E50-F1569336ABAD} = {36016899-34FC-4DA3-836D-49ACDA52EB62}
		{8950FDF2-FB05-47F5-8A43-618429C5FDC6} = {36016899-34FC-4DA3-836D-49ACDA52EB62}
		{CCF503D3-E754-43B8-A895-C1D5D58B21CB} = {901D7D19-4212-424A-BAC0-D8D3C5E8CFEC}
		{F872D217-56C6-47CB-BD44-A675115E60EF} = {57A65D3C-B7FB-4864-94CB-B8FFC194FADA}
		{36016899-34FC-4DA3-836D-49ACDA52EB62} = {6C4618D1-67FC-4636-A0B5-4BE90F7E951B}
		{533295F7-70E1-44B5-ABBD-7EED0C839A64} = {6C4618D1-67FC-4636-A0B5-4BE90F7E951B}
		{0E2CE6AE-01F6-4964-8A2D-2FEA7DCE6512} = {6C4618D1-67FC-4636-A0B5-4BE90F7E951B}
		{4D37A2BE-D784-4925-A7FB-18635A3AACBF} = {E2D035A3-BCF9-43FD-B8EE-94F39BD9265C}
		{AFAD33DB-710E-4C56-9983-FE9034D9B36A} = {E2D035A3-BCF9-43FD-B8EE-94F39BD9265C}
		{BBEA9EA4-222D-454E-951E-7CB42DADA2DB} = {021D30BB-CCC8-48AE-B251-174C217297A7}
		{EB5CB349-4B0E-442E-B033-0F8DB14481E7} = {6C4618D1-67FC-4636-A0B5-4BE90F7E951B}
		{B9EA9A8F-2BBE-4D28-9243-029A05E33A6B} = {EB5CB349-4B0E-442E-B033-0F8DB14481E7}
		{2D87DFAD-678A-4B54-9215-02C416AEBC80} = {EB5CB349-4B0E-442E-B033-0F8DB14481E7}
		{3E447720-0E0A-4FCC-B951-A004A8807BE0} = {EB5CB349-4B0E-442E-B033-0F8DB14481E7}
		{0CE90E4C-586B-4357-8A22-8B39F46B96C5} = {9F0DA0EF-A854-48B0-B412-F3CFD99D718D}
		{65552F7C-E580-4805-89E1-FB4135132E7D} = {9F0DA0EF-A854-48B0-B412-F3CFD99D718D}
		{6704F9D1-8F6B-4CFF-B90D-DB4EABA9B133} = {6C4618D1-67FC-4636-A0B5-4BE90F7E951B}
		{C0D68CD3-A816-4C71-87AF-353B1929892E} = {6704F9D1-8F6B-4CFF-B90D-DB4EABA9B133}
		{70643A8B-84AD-4DF8-A897-A4FE86B7BD36} = {9F0DA0EF-A854-48B0-B412-F3CFD99D718D}
		{9F0DA0EF-A854-48B0-B412-F3CFD99D718D} = {E2D035A3-BCF9-43FD-B8EE-94F39BD9265C}
		{8DB6218F-2611-497E-83B0-B3DC40B68317} = {9F0DA0EF-A854-48B0-B412-F3CFD99D718D}
		{7753CA24-C30B-427D-8DA0-8B69FC6F7D06} = {9F0DA0EF-A854-48B0-B412-F3CFD99D718D}
		{51ECD292-994A-43A2-8699-9FA00941D849} = {9F0DA0EF-A854-48B0-B412-F3CFD99D718D}
		{414003FC-083A-49C4-AC9B-59DD62800DCF} = {E2D035A3-BCF9-43FD-B8EE-94F39BD9265C}
		{E9B79825-E1C1-4CD7-974F-1D3AF1FF6F9C} = {414003FC-083A-49C4-AC9B-59DD62800DCF}
		{8F283C4A-9965-44CA-B6AC-DC79938943D9} = {6C4618D1-67FC-4636-A0B5-4BE90F7E951B}
		{59E0A17D-865B-4AAE-A0AA-ECF2EFEACBEF} = {021D30BB-CCC8-48AE-B251-174C217297A7}
		{9B778E1B-0686-4E8B-BB09-A7F9C1CA57BD} = {9F0DA0EF-A854-48B0-B412-F3CFD99D718D}
		{E4B7F1C9-98A2-4399-BB58-C3AD8FF15762} = {9B778E1B-0686-4E8B-BB09-A7F9C1CA57BD}
		{83A682F3-1504-4056-A482-D87F47637DEE} = {021D30BB-CCC8-48AE-B251-174C217297A7}
	EndGlobalSection
	GlobalSection(ExtensibilityGlobals) = postSolution
		SolutionGuid = {80CB19DC-14B3-48E6-BCBD-B5A5ECD4305B}
	EndGlobalSection
EndGlobal
