
Microsoft Visual Studio Solution File, Format Version 12.00
# Visual Studio Version 16
VisualStudioVersion = 16.0.30621.155
MinimumVisualStudioVersion = 10.0.40219.1
Project("{9A19103F-16F7-4668-BE54-9A1E7A4F7556}") = "Minecraft.Protocol", "src\Minecraft.Protocol\Minecraft.Protocol.csproj", "{B1E8FCD5-3E73-4C03-AA1B-91F83AA100CB}"
EndProject
Project("{9A19103F-16F7-4668-BE54-9A1E7A4F7556}") = "Test.Protocol.Test", "test\Test.Protocol.Test\Test.Protocol.Test.csproj", "{F12AEC89-0F0B-4996-9BAB-2DC650B18163}"
EndProject
Project("{9A19103F-16F7-4668-BE54-9A1E7A4F7556}") = "Minecraft.Text", "src\Minecraft.Text\Minecraft.Text.csproj", "{9B7F3204-DB95-468C-B70E-436003C191EE}"
EndProject
Project("{9A19103F-16F7-4668-BE54-9A1E7A4F7556}") = "Test.Text.Test", "test\Test.Text.Test\Test.Text.Test.csproj", "{79928E73-6C39-4ED0-967A-4329ABADF36A}"
EndProject
Project("{9A19103F-16F7-4668-BE54-9A1E7A4F7556}") = "Minecraft.Resources", "src\Minecraft.Resources\Minecraft.Resources.csproj", "{BAAAC36D-119E-40CA-A4DA-90CFAB909D97}"
EndProject
Project("{9A19103F-16F7-4668-BE54-9A1E7A4F7556}") = "Minecraft", "src\Minecraft\Minecraft.csproj", "{A45849D7-A21E-410B-BFF8-F264C11A1EA4}"
EndProject
Project("{9A19103F-16F7-4668-BE54-9A1E7A4F7556}") = "Test.Resources.Test", "test\Test.Resources.Test\Test.Resources.Test.csproj", "{5B0A3470-D987-4C58-873D-8A0E4407B6BC}"
EndProject
Project("{9A19103F-16F7-4668-BE54-9A1E7A4F7556}") = "Test.OpenGL.Test", "test\Test.OpenGL.Test\Test.OpenGL.Test.csproj", "{E72237E5-B620-474A-A444-A5B88DEE81EB}"
EndProject
Project("{9A19103F-16F7-4668-BE54-9A1E7A4F7556}") = "Minecraft.Graphics", "src\Minecraft.Graphics\Minecraft.Graphics.csproj", "{93CC6DA5-86CB-4C57-A15B-3CFB3C54FABB}"
EndProject
Project("{9A19103F-16F7-4668-BE54-9A1E7A4F7556}") = "Test.Protocol.Data.Test", "test\Test.Protocol.Data.Test\Test.Protocol.Data.Test.csproj", "{2D6ABDEF-1B15-4245-B621-174808B05E80}"
EndProject
Project("{9A19103F-16F7-4668-BE54-9A1E7A4F7556}") = "Tool.PacketRedirector", "tool\Tool.PacketRedirector\Tool.PacketRedirector.csproj", "{7F8E5E1E-AD0D-4B1C-8E7F-1A2A896FAC33}"
EndProject
Project("{9A19103F-16F7-4668-BE54-9A1E7A4F7556}") = "Tool.NetworkDataRedirector", "tool\Tool.NetworkDataRedirector\Tool.NetworkDataRedirector.csproj", "{2C3E30F1-D241-4019-A140-22C91E330497}"
EndProject
Project("{9A19103F-16F7-4668-BE54-9A1E7A4F7556}") = "Minecraft.Resources.Vanilla.WorldOfColorUpdate", "res\Minecraft.Resources.Vanilla.WorldOfColorUpdate\Minecraft.Resources.Vanilla.WorldOfColorUpdate.csproj", "{27155C06-22F0-4BAB-BCF7-D933B88F471A}"
EndProject
Project("{9A19103F-16F7-4668-BE54-9A1E7A4F7556}") = "Minecraft.Graphics.Renderers", "src\Minecraft.Graphics.Engines\Minecraft.Graphics.Renderers.csproj", "{69278383-DBCA-405F-A426-9F6A0D45FD7E}"
EndProject
Project("{9A19103F-16F7-4668-BE54-9A1E7A4F7556}") = "Test.OpenGL.Test2", "test\Test.OpenGL.Test2\Test.OpenGL.Test2.csproj", "{71E23CA8-CD50-4056-A570-1964E80E9C1B}"
EndProject
Project("{2150E333-8FDC-42A3-9474-1A3956D46DE8}") = "src", "src", "{6C4618D1-67FC-4636-A0B5-4BE90F7E951B}"
EndProject
Project("{2150E333-8FDC-42A3-9474-1A3956D46DE8}") = "test", "test", "{E2D035A3-BCF9-43FD-B8EE-94F39BD9265C}"
EndProject
Project("{2150E333-8FDC-42A3-9474-1A3956D46DE8}") = "tool", "tool", "{901D7D19-4212-424A-BAC0-D8D3C5E8CFEC}"
EndProject
Project("{9A19103F-16F7-4668-BE54-9A1E7A4F7556}") = "Tool.AssetResolver", "tool\Tool.AssetResolver\Tool.AssetResolver.csproj", "{D73A3DD9-759C-4F3C-B4FA-3D4DC53903D6}"
EndProject
Project("{9A19103F-16F7-4668-BE54-9A1E7A4F7556}") = "Tool.Graphics.Windowing", "tool\Tool.Graphics.Windowing\Tool.Graphics.Windowing.csproj", "{ED5D5316-7F67-4189-9F3C-0D1282CEEA12}"
EndProject
Project("{9A19103F-16F7-4668-BE54-9A1E7A4F7556}") = "Minecraft.Data", "src\Minecraft.Data\Minecraft.Data.csproj", "{27D52686-12D1-4CF5-8E50-F1569336ABAD}"
EndProject
Project("{9A19103F-16F7-4668-BE54-9A1E7A4F7556}") = "Minecraft.Data.Vanilla", "res\Minecraft.Data.Vanilla\Minecraft.Data.Vanilla.csproj", "{8950FDF2-FB05-47F5-8A43-618429C5FDC6}"
EndProject
Project("{2150E333-8FDC-42A3-9474-1A3956D46DE8}") = "res", "res", "{57A65D3C-B7FB-4864-94CB-B8FFC194FADA}"
EndProject
Project("{9A19103F-16F7-4668-BE54-9A1E7A4F7556}") = "Test.Data.Nbt.Test", "test\Test.Data.Nbt.Test\Test.Data.Nbt.Test.csproj", "{39B03A4D-EA56-445B-800D-8824B3DAE777}"
EndProject
Project("{9A19103F-16F7-4668-BE54-9A1E7A4F7556}") = "Tool.ResourceGenerator", "tool\Tool.ResourceGenerator\Tool.ResourceGenerator.csproj", "{CCF503D3-E754-43B8-A895-C1D5D58B21CB}"
EndProject
Project("{9A19103F-16F7-4668-BE54-9A1E7A4F7556}") = "Minecraft.Resources.Vanilla.VillageAndPillage", "res\Minecraft.Resources.Vanilla.VillageAndPillage\Minecraft.Resources.Vanilla.VillageAndPillage.csproj", "{F872D217-56C6-47CB-BD44-A675115E60EF}"
EndProject
Project("{2150E333-8FDC-42A3-9474-1A3956D46DE8}") = "data", "data", "{36016899-34FC-4DA3-836D-49ACDA52EB62}"
EndProject
Project("{2150E333-8FDC-42A3-9474-1A3956D46DE8}") = "graphics", "graphics", "{C013CF27-5172-4653-AD23-EDB103733A81}"
EndProject
Project("{2150E333-8FDC-42A3-9474-1A3956D46DE8}") = "network", "network", "{533295F7-70E1-44B5-ABBD-7EED0C839A64}"
EndProject
Project("{2150E333-8FDC-42A3-9474-1A3956D46DE8}") = "files", "files", "{0E2CE6AE-01F6-4964-8A2D-2FEA7DCE6512}"
EndProject
Project("{9A19103F-16F7-4668-BE54-9A1E7A4F7556}") = "Minecraft.Graphics.Windowing", "src\Minecraft.Graphics.Windowing\Minecraft.Graphics.Windowing.csproj", "{8CDE017D-8A40-4E2B-AF0B-5F3E690EE3FB}"
EndProject
Project("{9A19103F-16F7-4668-BE54-9A1E7A4F7556}") = "Test.Graphics.Test", "test\Test.Graphics.Test\Test.Graphics.Test.csproj", "{42C1774D-3D93-4AEA-A80A-06262D439193}"
EndProject
Project("{2150E333-8FDC-42A3-9474-1A3956D46DE8}") = "input", "input", "{50CB68E5-B9B8-442C-90A0-02FDCF6727F2}"
EndProject
Project("{9A19103F-16F7-4668-BE54-9A1E7A4F7556}") = "Minecraft.Input", "src\Minecraft.Input\Minecraft.Input.csproj", "{E6C71F97-6E7B-4868-80B2-C682A05C3B58}"
EndProject
Project("{9A19103F-16F7-4668-BE54-9A1E7A4F7556}") = "Test.Data.Blocks.Test", "test\Test.Data.Blocks.Test\Test.Data.Blocks.Test.csproj", "{4D37A2BE-D784-4925-A7FB-18635A3AACBF}"
EndProject
Project("{FAE04EC0-301F-11D3-BF4B-00C04F79EFBC}") = "Minecraft.Graphics.Texturing", "src\Minecraft.Graphics.Texturing\Minecraft.Graphics.Texturing.csproj", "{F804D9B7-132C-41A4-9C76-9146C83F70D7}"
EndProject
Project("{FAE04EC0-301F-11D3-BF4B-00C04F79EFBC}") = "Test.Resources.FilePaths.Test", "test\Test.Resources.FilePaths.Test\Test.Resources.FilePaths.Test.csproj", "{BDF0711C-5D55-41CB-809E-4B7372D4CA13}"
EndProject
Global
	GlobalSection(SolutionConfigurationPlatforms) = preSolution
		Debug|Any CPU = Debug|Any CPU
		Release|Any CPU = Release|Any CPU
	EndGlobalSection
	GlobalSection(ProjectConfigurationPlatforms) = postSolution
		{B1E8FCD5-3E73-4C03-AA1B-91F83AA100CB}.Debug|Any CPU.ActiveCfg = Debug|Any CPU
		{B1E8FCD5-3E73-4C03-AA1B-91F83AA100CB}.Debug|Any CPU.Build.0 = Debug|Any CPU
		{B1E8FCD5-3E73-4C03-AA1B-91F83AA100CB}.Release|Any CPU.ActiveCfg = Release|Any CPU
		{B1E8FCD5-3E73-4C03-AA1B-91F83AA100CB}.Release|Any CPU.Build.0 = Release|Any CPU
		{F12AEC89-0F0B-4996-9BAB-2DC650B18163}.Debug|Any CPU.ActiveCfg = Debug|Any CPU
		{F12AEC89-0F0B-4996-9BAB-2DC650B18163}.Debug|Any CPU.Build.0 = Debug|Any CPU
		{F12AEC89-0F0B-4996-9BAB-2DC650B18163}.Release|Any CPU.ActiveCfg = Release|Any CPU
		{F12AEC89-0F0B-4996-9BAB-2DC650B18163}.Release|Any CPU.Build.0 = Release|Any CPU
		{9B7F3204-DB95-468C-B70E-436003C191EE}.Debug|Any CPU.ActiveCfg = Debug|Any CPU
		{9B7F3204-DB95-468C-B70E-436003C191EE}.Debug|Any CPU.Build.0 = Debug|Any CPU
		{9B7F3204-DB95-468C-B70E-436003C191EE}.Release|Any CPU.ActiveCfg = Release|Any CPU
		{9B7F3204-DB95-468C-B70E-436003C191EE}.Release|Any CPU.Build.0 = Release|Any CPU
		{79928E73-6C39-4ED0-967A-4329ABADF36A}.Debug|Any CPU.ActiveCfg = Debug|Any CPU
		{79928E73-6C39-4ED0-967A-4329ABADF36A}.Debug|Any CPU.Build.0 = Debug|Any CPU
		{79928E73-6C39-4ED0-967A-4329ABADF36A}.Release|Any CPU.ActiveCfg = Release|Any CPU
		{79928E73-6C39-4ED0-967A-4329ABADF36A}.Release|Any CPU.Build.0 = Release|Any CPU
		{BAAAC36D-119E-40CA-A4DA-90CFAB909D97}.Debug|Any CPU.ActiveCfg = Debug|Any CPU
		{BAAAC36D-119E-40CA-A4DA-90CFAB909D97}.Debug|Any CPU.Build.0 = Debug|Any CPU
		{BAAAC36D-119E-40CA-A4DA-90CFAB909D97}.Release|Any CPU.ActiveCfg = Release|Any CPU
		{BAAAC36D-119E-40CA-A4DA-90CFAB909D97}.Release|Any CPU.Build.0 = Release|Any CPU
		{A45849D7-A21E-410B-BFF8-F264C11A1EA4}.Debug|Any CPU.ActiveCfg = Debug|Any CPU
		{A45849D7-A21E-410B-BFF8-F264C11A1EA4}.Debug|Any CPU.Build.0 = Debug|Any CPU
		{A45849D7-A21E-410B-BFF8-F264C11A1EA4}.Release|Any CPU.ActiveCfg = Release|Any CPU
		{A45849D7-A21E-410B-BFF8-F264C11A1EA4}.Release|Any CPU.Build.0 = Release|Any CPU
		{5B0A3470-D987-4C58-873D-8A0E4407B6BC}.Debug|Any CPU.ActiveCfg = Debug|Any CPU
		{5B0A3470-D987-4C58-873D-8A0E4407B6BC}.Debug|Any CPU.Build.0 = Debug|Any CPU
		{5B0A3470-D987-4C58-873D-8A0E4407B6BC}.Release|Any CPU.ActiveCfg = Release|Any CPU
		{5B0A3470-D987-4C58-873D-8A0E4407B6BC}.Release|Any CPU.Build.0 = Release|Any CPU
		{E72237E5-B620-474A-A444-A5B88DEE81EB}.Debug|Any CPU.ActiveCfg = Debug|Any CPU
		{E72237E5-B620-474A-A444-A5B88DEE81EB}.Debug|Any CPU.Build.0 = Debug|Any CPU
		{E72237E5-B620-474A-A444-A5B88DEE81EB}.Release|Any CPU.ActiveCfg = Release|Any CPU
		{E72237E5-B620-474A-A444-A5B88DEE81EB}.Release|Any CPU.Build.0 = Release|Any CPU
		{93CC6DA5-86CB-4C57-A15B-3CFB3C54FABB}.Debug|Any CPU.ActiveCfg = Debug|Any CPU
		{93CC6DA5-86CB-4C57-A15B-3CFB3C54FABB}.Debug|Any CPU.Build.0 = Debug|Any CPU
		{93CC6DA5-86CB-4C57-A15B-3CFB3C54FABB}.Release|Any CPU.ActiveCfg = Release|Any CPU
		{93CC6DA5-86CB-4C57-A15B-3CFB3C54FABB}.Release|Any CPU.Build.0 = Release|Any CPU
		{2D6ABDEF-1B15-4245-B621-174808B05E80}.Debug|Any CPU.ActiveCfg = Debug|Any CPU
		{2D6ABDEF-1B15-4245-B621-174808B05E80}.Debug|Any CPU.Build.0 = Debug|Any CPU
		{2D6ABDEF-1B15-4245-B621-174808B05E80}.Release|Any CPU.ActiveCfg = Release|Any CPU
		{2D6ABDEF-1B15-4245-B621-174808B05E80}.Release|Any CPU.Build.0 = Release|Any CPU
		{7F8E5E1E-AD0D-4B1C-8E7F-1A2A896FAC33}.Debug|Any CPU.ActiveCfg = Debug|Any CPU
		{7F8E5E1E-AD0D-4B1C-8E7F-1A2A896FAC33}.Debug|Any CPU.Build.0 = Debug|Any CPU
		{7F8E5E1E-AD0D-4B1C-8E7F-1A2A896FAC33}.Release|Any CPU.ActiveCfg = Release|Any CPU
		{7F8E5E1E-AD0D-4B1C-8E7F-1A2A896FAC33}.Release|Any CPU.Build.0 = Release|Any CPU
		{2C3E30F1-D241-4019-A140-22C91E330497}.Debug|Any CPU.ActiveCfg = Debug|Any CPU
		{2C3E30F1-D241-4019-A140-22C91E330497}.Debug|Any CPU.Build.0 = Debug|Any CPU
		{2C3E30F1-D241-4019-A140-22C91E330497}.Release|Any CPU.ActiveCfg = Release|Any CPU
		{2C3E30F1-D241-4019-A140-22C91E330497}.Release|Any CPU.Build.0 = Release|Any CPU
		{27155C06-22F0-4BAB-BCF7-D933B88F471A}.Debug|Any CPU.ActiveCfg = Debug|Any CPU
		{27155C06-22F0-4BAB-BCF7-D933B88F471A}.Debug|Any CPU.Build.0 = Debug|Any CPU
		{27155C06-22F0-4BAB-BCF7-D933B88F471A}.Release|Any CPU.ActiveCfg = Release|Any CPU
		{27155C06-22F0-4BAB-BCF7-D933B88F471A}.Release|Any CPU.Build.0 = Release|Any CPU
		{69278383-DBCA-405F-A426-9F6A0D45FD7E}.Debug|Any CPU.ActiveCfg = Debug|Any CPU
		{69278383-DBCA-405F-A426-9F6A0D45FD7E}.Debug|Any CPU.Build.0 = Debug|Any CPU
		{69278383-DBCA-405F-A426-9F6A0D45FD7E}.Release|Any CPU.ActiveCfg = Release|Any CPU
		{69278383-DBCA-405F-A426-9F6A0D45FD7E}.Release|Any CPU.Build.0 = Release|Any CPU
		{71E23CA8-CD50-4056-A570-1964E80E9C1B}.Debug|Any CPU.ActiveCfg = Debug|Any CPU
		{71E23CA8-CD50-4056-A570-1964E80E9C1B}.Debug|Any CPU.Build.0 = Debug|Any CPU
		{71E23CA8-CD50-4056-A570-1964E80E9C1B}.Release|Any CPU.ActiveCfg = Release|Any CPU
		{71E23CA8-CD50-4056-A570-1964E80E9C1B}.Release|Any CPU.Build.0 = Release|Any CPU
		{D73A3DD9-759C-4F3C-B4FA-3D4DC53903D6}.Debug|Any CPU.ActiveCfg = Debug|Any CPU
		{D73A3DD9-759C-4F3C-B4FA-3D4DC53903D6}.Debug|Any CPU.Build.0 = Debug|Any CPU
		{D73A3DD9-759C-4F3C-B4FA-3D4DC53903D6}.Release|Any CPU.ActiveCfg = Release|Any CPU
		{D73A3DD9-759C-4F3C-B4FA-3D4DC53903D6}.Release|Any CPU.Build.0 = Release|Any CPU
		{ED5D5316-7F67-4189-9F3C-0D1282CEEA12}.Debug|Any CPU.ActiveCfg = Debug|Any CPU
		{ED5D5316-7F67-4189-9F3C-0D1282CEEA12}.Debug|Any CPU.Build.0 = Debug|Any CPU
		{ED5D5316-7F67-4189-9F3C-0D1282CEEA12}.Release|Any CPU.ActiveCfg = Release|Any CPU
		{ED5D5316-7F67-4189-9F3C-0D1282CEEA12}.Release|Any CPU.Build.0 = Release|Any CPU
		{27D52686-12D1-4CF5-8E50-F1569336ABAD}.Debug|Any CPU.ActiveCfg = Debug|Any CPU
		{27D52686-12D1-4CF5-8E50-F1569336ABAD}.Debug|Any CPU.Build.0 = Debug|Any CPU
		{27D52686-12D1-4CF5-8E50-F1569336ABAD}.Release|Any CPU.ActiveCfg = Release|Any CPU
		{27D52686-12D1-4CF5-8E50-F1569336ABAD}.Release|Any CPU.Build.0 = Release|Any CPU
		{8950FDF2-FB05-47F5-8A43-618429C5FDC6}.Debug|Any CPU.ActiveCfg = Debug|Any CPU
		{8950FDF2-FB05-47F5-8A43-618429C5FDC6}.Debug|Any CPU.Build.0 = Debug|Any CPU
		{8950FDF2-FB05-47F5-8A43-618429C5FDC6}.Release|Any CPU.ActiveCfg = Release|Any CPU
		{8950FDF2-FB05-47F5-8A43-618429C5FDC6}.Release|Any CPU.Build.0 = Release|Any CPU
		{39B03A4D-EA56-445B-800D-8824B3DAE777}.Debug|Any CPU.ActiveCfg = Debug|Any CPU
		{39B03A4D-EA56-445B-800D-8824B3DAE777}.Debug|Any CPU.Build.0 = Debug|Any CPU
		{39B03A4D-EA56-445B-800D-8824B3DAE777}.Release|Any CPU.ActiveCfg = Release|Any CPU
		{39B03A4D-EA56-445B-800D-8824B3DAE777}.Release|Any CPU.Build.0 = Release|Any CPU
		{CCF503D3-E754-43B8-A895-C1D5D58B21CB}.Debug|Any CPU.ActiveCfg = Debug|Any CPU
		{CCF503D3-E754-43B8-A895-C1D5D58B21CB}.Debug|Any CPU.Build.0 = Debug|Any CPU
		{CCF503D3-E754-43B8-A895-C1D5D58B21CB}.Release|Any CPU.ActiveCfg = Release|Any CPU
		{CCF503D3-E754-43B8-A895-C1D5D58B21CB}.Release|Any CPU.Build.0 = Release|Any CPU
		{F872D217-56C6-47CB-BD44-A675115E60EF}.Debug|Any CPU.ActiveCfg = Debug|Any CPU
		{F872D217-56C6-47CB-BD44-A675115E60EF}.Debug|Any CPU.Build.0 = Debug|Any CPU
		{F872D217-56C6-47CB-BD44-A675115E60EF}.Release|Any CPU.ActiveCfg = Release|Any CPU
		{F872D217-56C6-47CB-BD44-A675115E60EF}.Release|Any CPU.Build.0 = Release|Any CPU
		{8CDE017D-8A40-4E2B-AF0B-5F3E690EE3FB}.Debug|Any CPU.ActiveCfg = Debug|Any CPU
		{8CDE017D-8A40-4E2B-AF0B-5F3E690EE3FB}.Debug|Any CPU.Build.0 = Debug|Any CPU
		{8CDE017D-8A40-4E2B-AF0B-5F3E690EE3FB}.Release|Any CPU.ActiveCfg = Release|Any CPU
		{8CDE017D-8A40-4E2B-AF0B-5F3E690EE3FB}.Release|Any CPU.Build.0 = Release|Any CPU
		{42C1774D-3D93-4AEA-A80A-06262D439193}.Debug|Any CPU.ActiveCfg = Debug|Any CPU
		{42C1774D-3D93-4AEA-A80A-06262D439193}.Debug|Any CPU.Build.0 = Debug|Any CPU
		{42C1774D-3D93-4AEA-A80A-06262D439193}.Release|Any CPU.ActiveCfg = Release|Any CPU
		{42C1774D-3D93-4AEA-A80A-06262D439193}.Release|Any CPU.Build.0 = Release|Any CPU
		{E6C71F97-6E7B-4868-80B2-C682A05C3B58}.Debug|Any CPU.ActiveCfg = Debug|Any CPU
		{E6C71F97-6E7B-4868-80B2-C682A05C3B58}.Debug|Any CPU.Build.0 = Debug|Any CPU
		{E6C71F97-6E7B-4868-80B2-C682A05C3B58}.Release|Any CPU.ActiveCfg = Release|Any CPU
		{E6C71F97-6E7B-4868-80B2-C682A05C3B58}.Release|Any CPU.Build.0 = Release|Any CPU
		{4D37A2BE-D784-4925-A7FB-18635A3AACBF}.Debug|Any CPU.ActiveCfg = Debug|Any CPU
		{4D37A2BE-D784-4925-A7FB-18635A3AACBF}.Debug|Any CPU.Build.0 = Debug|Any CPU
		{4D37A2BE-D784-4925-A7FB-18635A3AACBF}.Release|Any CPU.ActiveCfg = Release|Any CPU
		{4D37A2BE-D784-4925-A7FB-18635A3AACBF}.Release|Any CPU.Build.0 = Release|Any CPU
		{F804D9B7-132C-41A4-9C76-9146C83F70D7}.Debug|Any CPU.ActiveCfg = Debug|Any CPU
		{F804D9B7-132C-41A4-9C76-9146C83F70D7}.Debug|Any CPU.Build.0 = Debug|Any CPU
		{F804D9B7-132C-41A4-9C76-9146C83F70D7}.Release|Any CPU.ActiveCfg = Release|Any CPU
		{F804D9B7-132C-41A4-9C76-9146C83F70D7}.Release|Any CPU.Build.0 = Release|Any CPU
		{BDF0711C-5D55-41CB-809E-4B7372D4CA13}.Debug|Any CPU.ActiveCfg = Debug|Any CPU
		{BDF0711C-5D55-41CB-809E-4B7372D4CA13}.Debug|Any CPU.Build.0 = Debug|Any CPU
		{BDF0711C-5D55-41CB-809E-4B7372D4CA13}.Release|Any CPU.ActiveCfg = Release|Any CPU
		{BDF0711C-5D55-41CB-809E-4B7372D4CA13}.Release|Any CPU.Build.0 = Release|Any CPU
	EndGlobalSection
	GlobalSection(SolutionProperties) = preSolution
		HideSolutionNode = FALSE
	EndGlobalSection
	GlobalSection(NestedProjects) = preSolution
		{B1E8FCD5-3E73-4C03-AA1B-91F83AA100CB} = {533295F7-70E1-44B5-ABBD-7EED0C839A64}
		{F12AEC89-0F0B-4996-9BAB-2DC650B18163} = {E2D035A3-BCF9-43FD-B8EE-94F39BD9265C}
		{9B7F3204-DB95-468C-B70E-436003C191EE} = {36016899-34FC-4DA3-836D-49ACDA52EB62}
		{79928E73-6C39-4ED0-967A-4329ABADF36A} = {E2D035A3-BCF9-43FD-B8EE-94F39BD9265C}
		{BAAAC36D-119E-40CA-A4DA-90CFAB909D97} = {0E2CE6AE-01F6-4964-8A2D-2FEA7DCE6512}
		{A45849D7-A21E-410B-BFF8-F264C11A1EA4} = {6C4618D1-67FC-4636-A0B5-4BE90F7E951B}
		{5B0A3470-D987-4C58-873D-8A0E4407B6BC} = {E2D035A3-BCF9-43FD-B8EE-94F39BD9265C}
		{E72237E5-B620-474A-A444-A5B88DEE81EB} = {E2D035A3-BCF9-43FD-B8EE-94F39BD9265C}
		{93CC6DA5-86CB-4C57-A15B-3CFB3C54FABB} = {C013CF27-5172-4653-AD23-EDB103733A81}
		{2D6ABDEF-1B15-4245-B621-174808B05E80} = {E2D035A3-BCF9-43FD-B8EE-94F39BD9265C}
		{7F8E5E1E-AD0D-4B1C-8E7F-1A2A896FAC33} = {901D7D19-4212-424A-BAC0-D8D3C5E8CFEC}
		{2C3E30F1-D241-4019-A140-22C91E330497} = {901D7D19-4212-424A-BAC0-D8D3C5E8CFEC}
		{27155C06-22F0-4BAB-BCF7-D933B88F471A} = {57A65D3C-B7FB-4864-94CB-B8FFC194FADA}
		{69278383-DBCA-405F-A426-9F6A0D45FD7E} = {C013CF27-5172-4653-AD23-EDB103733A81}
		{71E23CA8-CD50-4056-A570-1964E80E9C1B} = {E2D035A3-BCF9-43FD-B8EE-94F39BD9265C}
		{D73A3DD9-759C-4F3C-B4FA-3D4DC53903D6} = {901D7D19-4212-424A-BAC0-D8D3C5E8CFEC}
		{ED5D5316-7F67-4189-9F3C-0D1282CEEA12} = {901D7D19-4212-424A-BAC0-D8D3C5E8CFEC}
		{27D52686-12D1-4CF5-8E50-F1569336ABAD} = {36016899-34FC-4DA3-836D-49ACDA52EB62}
		{8950FDF2-FB05-47F5-8A43-618429C5FDC6} = {36016899-34FC-4DA3-836D-49ACDA52EB62}
		{39B03A4D-EA56-445B-800D-8824B3DAE777} = {E2D035A3-BCF9-43FD-B8EE-94F39BD9265C}
		{CCF503D3-E754-43B8-A895-C1D5D58B21CB} = {901D7D19-4212-424A-BAC0-D8D3C5E8CFEC}
		{F872D217-56C6-47CB-BD44-A675115E60EF} = {57A65D3C-B7FB-4864-94CB-B8FFC194FADA}
		{36016899-34FC-4DA3-836D-49ACDA52EB62} = {6C4618D1-67FC-4636-A0B5-4BE90F7E951B}
		{C013CF27-5172-4653-AD23-EDB103733A81} = {6C4618D1-67FC-4636-A0B5-4BE90F7E951B}
		{533295F7-70E1-44B5-ABBD-7EED0C839A64} = {6C4618D1-67FC-4636-A0B5-4BE90F7E951B}
		{0E2CE6AE-01F6-4964-8A2D-2FEA7DCE6512} = {6C4618D1-67FC-4636-A0B5-4BE90F7E951B}
		{8CDE017D-8A40-4E2B-AF0B-5F3E690EE3FB} = {C013CF27-5172-4653-AD23-EDB103733A81}
		{42C1774D-3D93-4AEA-A80A-06262D439193} = {E2D035A3-BCF9-43FD-B8EE-94F39BD9265C}
		{50CB68E5-B9B8-442C-90A0-02FDCF6727F2} = {6C4618D1-67FC-4636-A0B5-4BE90F7E951B}
		{E6C71F97-6E7B-4868-80B2-C682A05C3B58} = {50CB68E5-B9B8-442C-90A0-02FDCF6727F2}
		{4D37A2BE-D784-4925-A7FB-18635A3AACBF} = {E2D035A3-BCF9-43FD-B8EE-94F39BD9265C}
		{F804D9B7-132C-41A4-9C76-9146C83F70D7} = {C013CF27-5172-4653-AD23-EDB103733A81}
		{BDF0711C-5D55-41CB-809E-4B7372D4CA13} = {E2D035A3-BCF9-43FD-B8EE-94F39BD9265C}
	EndGlobalSection
	GlobalSection(ExtensibilityGlobals) = postSolution
		SolutionGuid = {80CB19DC-14B3-48E6-BCBD-B5A5ECD4305B}
	EndGlobalSection
EndGlobal
